// !$*UTF8*$!
{
	archiveVersion = 1;
	classes = {
	};
	objectVersion = 46;
	objects = {

/* Begin PBXBuildFile section */
		711031753C368D895300CAD3 /* libPods-YRDGoodArc.a in Frameworks */ = {isa = PBXBuildFile; fileRef = 524139B428E764F17159580F /* libPods-YRDGoodArc.a */; };
		E5340B101C9661AD00205879 /* main.m in Sources */ = {isa = PBXBuildFile; fileRef = E5340B0F1C9661AD00205879 /* main.m */; };
		E5340B131C9661AD00205879 /* AppDelegate.m in Sources */ = {isa = PBXBuildFile; fileRef = E5340B121C9661AD00205879 /* AppDelegate.m */; };
		E5340B191C9661AD00205879 /* Main.storyboard in Resources */ = {isa = PBXBuildFile; fileRef = E5340B171C9661AD00205879 /* Main.storyboard */; };
		E5340B1B1C9661AD00205879 /* Assets.xcassets in Resources */ = {isa = PBXBuildFile; fileRef = E5340B1A1C9661AD00205879 /* Assets.xcassets */; };
		E5340B1E1C9661AD00205879 /* LaunchScreen.storyboard in Resources */ = {isa = PBXBuildFile; fileRef = E5340B1C1C9661AD00205879 /* LaunchScreen.storyboard */; };
		E5340B341C969E9900205879 /* UINavigationController+FDFullscreenPopGesture.m in Sources */ = {isa = PBXBuildFile; fileRef = E5340B331C969E9900205879 /* UINavigationController+FDFullscreenPopGesture.m */; };
		E5340B3D1C96A72900205879 /* SecondViewController.m in Sources */ = {isa = PBXBuildFile; fileRef = E5340B391C96A72900205879 /* SecondViewController.m */; };
		E5340B3E1C96A72900205879 /* ViewController.m in Sources */ = {isa = PBXBuildFile; fileRef = E5340B3B1C96A72900205879 /* ViewController.m */; };
		E5340B411C96AA0500205879 /* User.m in Sources */ = {isa = PBXBuildFile; fileRef = E5340B401C96AA0500205879 /* User.m */; };
		E5340B441C96AB2200205879 /* YYModelTestViewController.m in Sources */ = {isa = PBXBuildFile; fileRef = E5340B431C96AB2200205879 /* YYModelTestViewController.m */; };
		E5340B471C96B0B400205879 /* Dog.m in Sources */ = {isa = PBXBuildFile; fileRef = E5340B461C96B0B400205879 /* Dog.m */; };
		E5340B4B1C970F1500205879 /* AFAppDotNetAPIClient.m in Sources */ = {isa = PBXBuildFile; fileRef = E5340B4A1C970F1500205879 /* AFAppDotNetAPIClient.m */; };
		E5340B4E1C970F4B00205879 /* Request.m in Sources */ = {isa = PBXBuildFile; fileRef = E5340B4D1C970F4B00205879 /* Request.m */; };
		E5340B511C97103300205879 /* AFNDemoViewController.m in Sources */ = {isa = PBXBuildFile; fileRef = E5340B501C97103300205879 /* AFNDemoViewController.m */; };
		E559C52C1D001B7B00E118E4 /* HTTPPostTableViewController.m in Sources */ = {isa = PBXBuildFile; fileRef = E559C52B1D001B7B00E118E4 /* HTTPPostTableViewController.m */; };
		E559C52F1D001C6E00E118E4 /* YiBaoGaoApiManager.m in Sources */ = {isa = PBXBuildFile; fileRef = E559C52E1D001C6E00E118E4 /* YiBaoGaoApiManager.m */; };
		E559C5331D00217600E118E4 /* SchoolListReformer.m in Sources */ = {isa = PBXBuildFile; fileRef = E559C5321D00217600E118E4 /* SchoolListReformer.m */; };
		E559C5371D0022AD00E118E4 /* SchoolItem.m in Sources */ = {isa = PBXBuildFile; fileRef = E559C5361D0022AD00E118E4 /* SchoolItem.m */; };
		E57C205C1D067C680063ABDD /* YRDServiceChangable.m in Sources */ = {isa = PBXBuildFile; fileRef = E57C205B1D067C680063ABDD /* YRDServiceChangable.m */; };
		E57C84AD1D1933FF00311A06 /* RealmDemoViewController.m in Sources */ = {isa = PBXBuildFile; fileRef = E57C84AC1D1933FF00311A06 /* RealmDemoViewController.m */; };
		E57C84B01D19353A00311A06 /* RealmDog.m in Sources */ = {isa = PBXBuildFile; fileRef = E57C84AF1D19353A00311A06 /* RealmDog.m */; };
		E57C84B31D1938BE00311A06 /* RealmBook.m in Sources */ = {isa = PBXBuildFile; fileRef = E57C84B21D1938BE00311A06 /* RealmBook.m */; };
		E57C84B61D1A723900311A06 /* JSONCity.m in Sources */ = {isa = PBXBuildFile; fileRef = E57C84B51D1A723900311A06 /* JSONCity.m */; };
		E57E4FF01D40C5C600675B61 /* YBGBaseDataController.m in Sources */ = {isa = PBXBuildFile; fileRef = E57E4FEF1D40C5C600675B61 /* YBGBaseDataController.m */; };
		E57E4FF31D40C5D900675B61 /* YBGBaseViewModel.m in Sources */ = {isa = PBXBuildFile; fileRef = E57E4FF21D40C5D900675B61 /* YBGBaseViewModel.m */; };
		E57E4FF71D40CE9D00675B61 /* YBGBaseModel.m in Sources */ = {isa = PBXBuildFile; fileRef = E57E4FF61D40CE9D00675B61 /* YBGBaseModel.m */; };
		E57E50001D40D13D00675B61 /* SDSubject.m in Sources */ = {isa = PBXBuildFile; fileRef = E57E4FFF1D40D13D00675B61 /* SDSubject.m */; };
		E57E50071D40D18300675B61 /* SDBannerView.m in Sources */ = {isa = PBXBuildFile; fileRef = E57E50021D40D18300675B61 /* SDBannerView.m */; };
		E57E50081D40D18300675B61 /* SDPersonalInfoView.m in Sources */ = {isa = PBXBuildFile; fileRef = E57E50041D40D18300675B61 /* SDPersonalInfoView.m */; };
		E57E50091D40D18300675B61 /* SDSubjectsView.m in Sources */ = {isa = PBXBuildFile; fileRef = E57E50061D40D18300675B61 /* SDSubjectsView.m */; };
		E57E500E1D40D1B500675B61 /* SDHomeSubjectsCollectionCellViewModel.m in Sources */ = {isa = PBXBuildFile; fileRef = E57E500B1D40D1B500675B61 /* SDHomeSubjectsCollectionCellViewModel.m */; };
		E57E500F1D40D1B500675B61 /* SDHomeSubjectsViewModel.m in Sources */ = {isa = PBXBuildFile; fileRef = E57E500D1D40D1B500675B61 /* SDHomeSubjectsViewModel.m */; };
		E57E50121D40D22300675B61 /* YBGHomeDataController.m in Sources */ = {isa = PBXBuildFile; fileRef = E57E50111D40D22300675B61 /* YBGHomeDataController.m */; };
		E57E50151D4117FB00675B61 /* YBGHomeViewController.m in Sources */ = {isa = PBXBuildFile; fileRef = E57E50141D4117FB00675B61 /* YBGHomeViewController.m */; };
		E57E50191D411FE000675B61 /* YBGHomeListReformer.m in Sources */ = {isa = PBXBuildFile; fileRef = E57E50181D411FE000675B61 /* YBGHomeListReformer.m */; };
		E58D74691D46FFD6002D1120 /* YBGTimeUtil.m in Sources */ = {isa = PBXBuildFile; fileRef = E58D74681D46FFD6002D1120 /* YBGTimeUtil.m */; };
		E58D746F1D4737F8002D1120 /* YBGBaseViewController.m in Sources */ = {isa = PBXBuildFile; fileRef = E58D746E1D4737F8002D1120 /* YBGBaseViewController.m */; };
		E598AC6C1CEEFAF400294141 /* NSDictionary+YRDNetworkingMethods.m in Sources */ = {isa = PBXBuildFile; fileRef = E598AC6B1CEEFAF400294141 /* NSDictionary+YRDNetworkingMethods.m */; };
		E598AC6F1CEEFB0E00294141 /* NSObject+YRDNetworkingMethods.m in Sources */ = {isa = PBXBuildFile; fileRef = E598AC6E1CEEFB0E00294141 /* NSObject+YRDNetworkingMethods.m */; };
		E598AC721CEEFBF200294141 /* NSArray+YRDNetworkingMethods.m in Sources */ = {isa = PBXBuildFile; fileRef = E598AC711CEEFBF200294141 /* NSArray+YRDNetworkingMethods.m */; };
		E598AC751CEEFF3000294141 /* NSString+YRDNetworkingMethods.m in Sources */ = {isa = PBXBuildFile; fileRef = E598AC741CEEFF3000294141 /* NSString+YRDNetworkingMethods.m */; };
		E598AC781CEF011700294141 /* NSMutableString+YRDNetworkingMethods.m in Sources */ = {isa = PBXBuildFile; fileRef = E598AC771CEF011700294141 /* NSMutableString+YRDNetworkingMethods.m */; };
		E598AC7B1CEF07C800294141 /* NSURLRequest+YRDNetworkingMethods.m in Sources */ = {isa = PBXBuildFile; fileRef = E598AC7A1CEF07C800294141 /* NSURLRequest+YRDNetworkingMethods.m */; };
		E598AC7E1CEF084400294141 /* UIDevice+IdentifierAddition.m in Sources */ = {isa = PBXBuildFile; fileRef = E598AC7D1CEF084400294141 /* UIDevice+IdentifierAddition.m */; };
		E598AC8C1CF2A5D900294141 /* YRDService.m in Sources */ = {isa = PBXBuildFile; fileRef = E598AC8B1CF2A5D900294141 /* YRDService.m */; };
		E598AC8F1CF2A7DB00294141 /* YRDServiceFactory.m in Sources */ = {isa = PBXBuildFile; fileRef = E598AC8E1CF2A7DB00294141 /* YRDServiceFactory.m */; };
		E598AC9D1CF2B17F00294141 /* YRDCachedObject.m in Sources */ = {isa = PBXBuildFile; fileRef = E598AC9C1CF2B17F00294141 /* YRDCachedObject.m */; };
		E598ACA01CF2B36700294141 /* YRDCache.m in Sources */ = {isa = PBXBuildFile; fileRef = E598AC9F1CF2B36700294141 /* YRDCache.m */; };
		E598ACA71CF2E48400294141 /* YRDLogger.m in Sources */ = {isa = PBXBuildFile; fileRef = E598ACA61CF2E48400294141 /* YRDLogger.m */; };
		E598ACCA1CF405E100294141 /* WeatherApiManager.m in Sources */ = {isa = PBXBuildFile; fileRef = E598ACC91CF405E100294141 /* WeatherApiManager.m */; };
		E598ACCD1CF4069B00294141 /* WeatherViewController.m in Sources */ = {isa = PBXBuildFile; fileRef = E598ACCC1CF4069B00294141 /* WeatherViewController.m */; };
		E59C31091D3F6C84006F4E63 /* YBGMediator.m in Sources */ = {isa = PBXBuildFile; fileRef = E59C31081D3F6C84006F4E63 /* YBGMediator.m */; };
		E59C310E1D3F6D20006F4E63 /* YBGMediatorErrorViewController.m in Sources */ = {isa = PBXBuildFile; fileRef = E59C310C1D3F6D20006F4E63 /* YBGMediatorErrorViewController.m */; };
		E59C310F1D3F6D20006F4E63 /* YBGMediatorErrorViewController.xib in Resources */ = {isa = PBXBuildFile; fileRef = E59C310D1D3F6D20006F4E63 /* YBGMediatorErrorViewController.xib */; };
		E59C31121D3F6D63006F4E63 /* YBGTarget_Default.m in Sources */ = {isa = PBXBuildFile; fileRef = E59C31111D3F6D63006F4E63 /* YBGTarget_Default.m */; };
		E59C31151D3F6DAA006F4E63 /* YBGMediator+YBGMediatorModuleDefaultActions.m in Sources */ = {isa = PBXBuildFile; fileRef = E59C31141D3F6DAA006F4E63 /* YBGMediator+YBGMediatorModuleDefaultActions.m */; };
		E59C31191D3F7030006F4E63 /* MediatorViewController.m in Sources */ = {isa = PBXBuildFile; fileRef = E59C31181D3F7030006F4E63 /* MediatorViewController.m */; };
		E59C311F1D3F71D0006F4E63 /* YBGTarget_A.m in Sources */ = {isa = PBXBuildFile; fileRef = E59C311E1D3F71D0006F4E63 /* YBGTarget_A.m */; };
		E59C31221D3F71EF006F4E63 /* DemoModuleADetailViewController.m in Sources */ = {isa = PBXBuildFile; fileRef = E59C31211D3F71EF006F4E63 /* DemoModuleADetailViewController.m */; };
		E59C31251D3F7222006F4E63 /* YBGMediator+YBGMediatorModuleAActions.m in Sources */ = {isa = PBXBuildFile; fileRef = E59C31241D3F7222006F4E63 /* YBGMediator+YBGMediatorModuleAActions.m */; };
		E5DA70031D0157B4008E9724 /* YRDURLResponse.m in Sources */ = {isa = PBXBuildFile; fileRef = E5DA6FFC1D0157B4008E9724 /* YRDURLResponse.m */; };
		E5DA70041D0157B4008E9724 /* YRDAPIBaseManager.m in Sources */ = {isa = PBXBuildFile; fileRef = E5DA6FFF1D0157B4008E9724 /* YRDAPIBaseManager.m */; };
		E5DA70051D0157B4008E9724 /* YRDApiProxy.m in Sources */ = {isa = PBXBuildFile; fileRef = E5DA70021D0157B4008E9724 /* YRDApiProxy.m */; };
		E5DA70131D015836008E9724 /* YRDCommonParamsGenerator.m in Sources */ = {isa = PBXBuildFile; fileRef = E5DA70091D015836008E9724 /* YRDCommonParamsGenerator.m */; };
		E5DA70141D015836008E9724 /* YRDRequestGenerator.m in Sources */ = {isa = PBXBuildFile; fileRef = E5DA700C1D015836008E9724 /* YRDRequestGenerator.m */; };
		E5DA70151D015836008E9724 /* YRDSignatureGenerator.m in Sources */ = {isa = PBXBuildFile; fileRef = E5DA700F1D015836008E9724 /* YRDSignatureGenerator.m */; };
		E5DA70161D015836008E9724 /* YRDUDIDGenerator.m in Sources */ = {isa = PBXBuildFile; fileRef = E5DA70121D015836008E9724 /* YRDUDIDGenerator.m */; };
		E5DA70261D01594A008E9724 /* YRDAppContext.m in Sources */ = {isa = PBXBuildFile; fileRef = E5DA701A1D01594A008E9724 /* YRDAppContext.m */; };
		E5DA70271D01594A008E9724 /* YRDLoggerConfiguration.m in Sources */ = {isa = PBXBuildFile; fileRef = E5DA701D1D01594A008E9724 /* YRDLoggerConfiguration.m */; };
		E5DA70281D01594A008E9724 /* WeatherService.m in Sources */ = {isa = PBXBuildFile; fileRef = E5DA70221D01594A008E9724 /* WeatherService.m */; };
		E5DA70291D01594A008E9724 /* YRDServiceYiBaoGao.m in Sources */ = {isa = PBXBuildFile; fileRef = E5DA70251D01594A008E9724 /* YRDServiceYiBaoGao.m */; };
		E5DA702D1D017396008E9724 /* YRDLocationManager.m in Sources */ = {isa = PBXBuildFile; fileRef = E5DA702C1D017396008E9724 /* YRDLocationManager.m */; };
/* End PBXBuildFile section */

/* Begin PBXFileReference section */
		524139B428E764F17159580F /* libPods-YRDGoodArc.a */ = {isa = PBXFileReference; explicitFileType = archive.ar; includeInIndex = 0; path = "libPods-YRDGoodArc.a"; sourceTree = BUILT_PRODUCTS_DIR; };
		BCE42E0FB5C29340E89F25B7 /* Pods-YRDGoodArc.debug.xcconfig */ = {isa = PBXFileReference; includeInIndex = 1; lastKnownFileType = text.xcconfig; name = "Pods-YRDGoodArc.debug.xcconfig"; path = "Pods/Target Support Files/Pods-YRDGoodArc/Pods-YRDGoodArc.debug.xcconfig"; sourceTree = "<group>"; };
		D00A1A3572EB534E01342B99 /* Pods-YRDGoodArc.release.xcconfig */ = {isa = PBXFileReference; includeInIndex = 1; lastKnownFileType = text.xcconfig; name = "Pods-YRDGoodArc.release.xcconfig"; path = "Pods/Target Support Files/Pods-YRDGoodArc/Pods-YRDGoodArc.release.xcconfig"; sourceTree = "<group>"; };
		E5340B0B1C9661AD00205879 /* YRDGoodArc.app */ = {isa = PBXFileReference; explicitFileType = wrapper.application; includeInIndex = 0; path = YRDGoodArc.app; sourceTree = BUILT_PRODUCTS_DIR; };
		E5340B0F1C9661AD00205879 /* main.m */ = {isa = PBXFileReference; lastKnownFileType = sourcecode.c.objc; path = main.m; sourceTree = "<group>"; };
		E5340B111C9661AD00205879 /* AppDelegate.h */ = {isa = PBXFileReference; lastKnownFileType = sourcecode.c.h; path = AppDelegate.h; sourceTree = "<group>"; };
		E5340B121C9661AD00205879 /* AppDelegate.m */ = {isa = PBXFileReference; lastKnownFileType = sourcecode.c.objc; path = AppDelegate.m; sourceTree = "<group>"; };
		E5340B181C9661AD00205879 /* Base */ = {isa = PBXFileReference; lastKnownFileType = file.storyboard; name = Base; path = Base.lproj/Main.storyboard; sourceTree = "<group>"; };
		E5340B1A1C9661AD00205879 /* Assets.xcassets */ = {isa = PBXFileReference; lastKnownFileType = folder.assetcatalog; path = Assets.xcassets; sourceTree = "<group>"; };
		E5340B1D1C9661AD00205879 /* Base */ = {isa = PBXFileReference; lastKnownFileType = file.storyboard; name = Base; path = Base.lproj/LaunchScreen.storyboard; sourceTree = "<group>"; };
		E5340B1F1C9661AD00205879 /* Info.plist */ = {isa = PBXFileReference; lastKnownFileType = text.plist.xml; path = Info.plist; sourceTree = "<group>"; };
		E5340B2C1C96905900205879 /* YRDGoodArcPrefixHeader.pch */ = {isa = PBXFileReference; fileEncoding = 4; lastKnownFileType = sourcecode.c.h; path = YRDGoodArcPrefixHeader.pch; sourceTree = "<group>"; };
		E5340B321C969E9900205879 /* UINavigationController+FDFullscreenPopGesture.h */ = {isa = PBXFileReference; fileEncoding = 4; lastKnownFileType = sourcecode.c.h; path = "UINavigationController+FDFullscreenPopGesture.h"; sourceTree = "<group>"; };
		E5340B331C969E9900205879 /* UINavigationController+FDFullscreenPopGesture.m */ = {isa = PBXFileReference; fileEncoding = 4; lastKnownFileType = sourcecode.c.objc; path = "UINavigationController+FDFullscreenPopGesture.m"; sourceTree = "<group>"; };
		E5340B381C96A72900205879 /* SecondViewController.h */ = {isa = PBXFileReference; fileEncoding = 4; lastKnownFileType = sourcecode.c.h; path = SecondViewController.h; sourceTree = "<group>"; };
		E5340B391C96A72900205879 /* SecondViewController.m */ = {isa = PBXFileReference; fileEncoding = 4; lastKnownFileType = sourcecode.c.objc; path = SecondViewController.m; sourceTree = "<group>"; };
		E5340B3A1C96A72900205879 /* ViewController.h */ = {isa = PBXFileReference; fileEncoding = 4; lastKnownFileType = sourcecode.c.h; path = ViewController.h; sourceTree = "<group>"; };
		E5340B3B1C96A72900205879 /* ViewController.m */ = {isa = PBXFileReference; fileEncoding = 4; lastKnownFileType = sourcecode.c.objc; path = ViewController.m; sourceTree = "<group>"; };
		E5340B3F1C96AA0500205879 /* User.h */ = {isa = PBXFileReference; fileEncoding = 4; lastKnownFileType = sourcecode.c.h; path = User.h; sourceTree = "<group>"; };
		E5340B401C96AA0500205879 /* User.m */ = {isa = PBXFileReference; fileEncoding = 4; lastKnownFileType = sourcecode.c.objc; path = User.m; sourceTree = "<group>"; };
		E5340B421C96AB2200205879 /* YYModelTestViewController.h */ = {isa = PBXFileReference; fileEncoding = 4; lastKnownFileType = sourcecode.c.h; path = YYModelTestViewController.h; sourceTree = "<group>"; };
		E5340B431C96AB2200205879 /* YYModelTestViewController.m */ = {isa = PBXFileReference; fileEncoding = 4; lastKnownFileType = sourcecode.c.objc; path = YYModelTestViewController.m; sourceTree = "<group>"; };
		E5340B451C96B0B400205879 /* Dog.h */ = {isa = PBXFileReference; fileEncoding = 4; lastKnownFileType = sourcecode.c.h; path = Dog.h; sourceTree = "<group>"; };
		E5340B461C96B0B400205879 /* Dog.m */ = {isa = PBXFileReference; fileEncoding = 4; lastKnownFileType = sourcecode.c.objc; path = Dog.m; sourceTree = "<group>"; };
		E5340B491C970F1500205879 /* AFAppDotNetAPIClient.h */ = {isa = PBXFileReference; fileEncoding = 4; lastKnownFileType = sourcecode.c.h; path = AFAppDotNetAPIClient.h; sourceTree = "<group>"; };
		E5340B4A1C970F1500205879 /* AFAppDotNetAPIClient.m */ = {isa = PBXFileReference; fileEncoding = 4; lastKnownFileType = sourcecode.c.objc; path = AFAppDotNetAPIClient.m; sourceTree = "<group>"; };
		E5340B4C1C970F4B00205879 /* Request.h */ = {isa = PBXFileReference; fileEncoding = 4; lastKnownFileType = sourcecode.c.h; path = Request.h; sourceTree = "<group>"; };
		E5340B4D1C970F4B00205879 /* Request.m */ = {isa = PBXFileReference; fileEncoding = 4; lastKnownFileType = sourcecode.c.objc; path = Request.m; sourceTree = "<group>"; };
		E5340B4F1C97103300205879 /* AFNDemoViewController.h */ = {isa = PBXFileReference; fileEncoding = 4; lastKnownFileType = sourcecode.c.h; path = AFNDemoViewController.h; sourceTree = "<group>"; };
		E5340B501C97103300205879 /* AFNDemoViewController.m */ = {isa = PBXFileReference; fileEncoding = 4; lastKnownFileType = sourcecode.c.objc; path = AFNDemoViewController.m; sourceTree = "<group>"; };
		E559C52A1D001B7B00E118E4 /* HTTPPostTableViewController.h */ = {isa = PBXFileReference; fileEncoding = 4; lastKnownFileType = sourcecode.c.h; path = HTTPPostTableViewController.h; sourceTree = "<group>"; };
		E559C52B1D001B7B00E118E4 /* HTTPPostTableViewController.m */ = {isa = PBXFileReference; fileEncoding = 4; lastKnownFileType = sourcecode.c.objc; path = HTTPPostTableViewController.m; sourceTree = "<group>"; };
		E559C52D1D001C6E00E118E4 /* YiBaoGaoApiManager.h */ = {isa = PBXFileReference; fileEncoding = 4; lastKnownFileType = sourcecode.c.h; path = YiBaoGaoApiManager.h; sourceTree = "<group>"; };
		E559C52E1D001C6E00E118E4 /* YiBaoGaoApiManager.m */ = {isa = PBXFileReference; fileEncoding = 4; lastKnownFileType = sourcecode.c.objc; path = YiBaoGaoApiManager.m; sourceTree = "<group>"; };
		E559C5311D00217600E118E4 /* SchoolListReformer.h */ = {isa = PBXFileReference; fileEncoding = 4; lastKnownFileType = sourcecode.c.h; path = SchoolListReformer.h; sourceTree = "<group>"; };
		E559C5321D00217600E118E4 /* SchoolListReformer.m */ = {isa = PBXFileReference; fileEncoding = 4; lastKnownFileType = sourcecode.c.objc; path = SchoolListReformer.m; sourceTree = "<group>"; };
		E559C5351D0022AD00E118E4 /* SchoolItem.h */ = {isa = PBXFileReference; fileEncoding = 4; lastKnownFileType = sourcecode.c.h; path = SchoolItem.h; sourceTree = "<group>"; };
		E559C5361D0022AD00E118E4 /* SchoolItem.m */ = {isa = PBXFileReference; fileEncoding = 4; lastKnownFileType = sourcecode.c.objc; path = SchoolItem.m; sourceTree = "<group>"; };
		E57C205A1D067C680063ABDD /* YRDServiceChangable.h */ = {isa = PBXFileReference; fileEncoding = 4; lastKnownFileType = sourcecode.c.h; path = YRDServiceChangable.h; sourceTree = "<group>"; };
		E57C205B1D067C680063ABDD /* YRDServiceChangable.m */ = {isa = PBXFileReference; fileEncoding = 4; lastKnownFileType = sourcecode.c.objc; path = YRDServiceChangable.m; sourceTree = "<group>"; };
		E57C205F1D06CB1F0063ABDD /* MethodsMacro.h */ = {isa = PBXFileReference; fileEncoding = 4; lastKnownFileType = sourcecode.c.h; path = MethodsMacro.h; sourceTree = "<group>"; };
		E57C20601D06CB1F0063ABDD /* YRDGeneral.h */ = {isa = PBXFileReference; fileEncoding = 4; lastKnownFileType = sourcecode.c.h; path = YRDGeneral.h; sourceTree = "<group>"; };
		E57C84AB1D1933FF00311A06 /* RealmDemoViewController.h */ = {isa = PBXFileReference; fileEncoding = 4; lastKnownFileType = sourcecode.c.h; path = RealmDemoViewController.h; sourceTree = "<group>"; };
		E57C84AC1D1933FF00311A06 /* RealmDemoViewController.m */ = {isa = PBXFileReference; fileEncoding = 4; lastKnownFileType = sourcecode.c.objc; path = RealmDemoViewController.m; sourceTree = "<group>"; };
		E57C84AE1D19353A00311A06 /* RealmDog.h */ = {isa = PBXFileReference; fileEncoding = 4; lastKnownFileType = sourcecode.c.h; path = RealmDog.h; sourceTree = "<group>"; };
		E57C84AF1D19353A00311A06 /* RealmDog.m */ = {isa = PBXFileReference; fileEncoding = 4; lastKnownFileType = sourcecode.c.objc; path = RealmDog.m; sourceTree = "<group>"; };
		E57C84B11D1938BE00311A06 /* RealmBook.h */ = {isa = PBXFileReference; fileEncoding = 4; lastKnownFileType = sourcecode.c.h; path = RealmBook.h; sourceTree = "<group>"; };
		E57C84B21D1938BE00311A06 /* RealmBook.m */ = {isa = PBXFileReference; fileEncoding = 4; lastKnownFileType = sourcecode.c.objc; path = RealmBook.m; sourceTree = "<group>"; };
		E57C84B41D1A723900311A06 /* JSONCity.h */ = {isa = PBXFileReference; fileEncoding = 4; lastKnownFileType = sourcecode.c.h; path = JSONCity.h; sourceTree = "<group>"; };
		E57C84B51D1A723900311A06 /* JSONCity.m */ = {isa = PBXFileReference; fileEncoding = 4; lastKnownFileType = sourcecode.c.objc; path = JSONCity.m; sourceTree = "<group>"; };
		E57E4FEE1D40C5C600675B61 /* YBGBaseDataController.h */ = {isa = PBXFileReference; fileEncoding = 4; lastKnownFileType = sourcecode.c.h; path = YBGBaseDataController.h; sourceTree = "<group>"; };
		E57E4FEF1D40C5C600675B61 /* YBGBaseDataController.m */ = {isa = PBXFileReference; fileEncoding = 4; lastKnownFileType = sourcecode.c.objc; path = YBGBaseDataController.m; sourceTree = "<group>"; };
		E57E4FF11D40C5D900675B61 /* YBGBaseViewModel.h */ = {isa = PBXFileReference; fileEncoding = 4; lastKnownFileType = sourcecode.c.h; path = YBGBaseViewModel.h; sourceTree = "<group>"; };
		E57E4FF21D40C5D900675B61 /* YBGBaseViewModel.m */ = {isa = PBXFileReference; fileEncoding = 4; lastKnownFileType = sourcecode.c.objc; path = YBGBaseViewModel.m; sourceTree = "<group>"; };
		E57E4FF51D40CE9D00675B61 /* YBGBaseModel.h */ = {isa = PBXFileReference; fileEncoding = 4; lastKnownFileType = sourcecode.c.h; path = YBGBaseModel.h; sourceTree = "<group>"; };
		E57E4FF61D40CE9D00675B61 /* YBGBaseModel.m */ = {isa = PBXFileReference; fileEncoding = 4; lastKnownFileType = sourcecode.c.objc; path = YBGBaseModel.m; sourceTree = "<group>"; };
		E57E4FFE1D40D13D00675B61 /* SDSubject.h */ = {isa = PBXFileReference; fileEncoding = 4; lastKnownFileType = sourcecode.c.h; path = SDSubject.h; sourceTree = "<group>"; };
		E57E4FFF1D40D13D00675B61 /* SDSubject.m */ = {isa = PBXFileReference; fileEncoding = 4; lastKnownFileType = sourcecode.c.objc; path = SDSubject.m; sourceTree = "<group>"; };
		E57E50011D40D18300675B61 /* SDBannerView.h */ = {isa = PBXFileReference; fileEncoding = 4; lastKnownFileType = sourcecode.c.h; path = SDBannerView.h; sourceTree = "<group>"; };
		E57E50021D40D18300675B61 /* SDBannerView.m */ = {isa = PBXFileReference; fileEncoding = 4; lastKnownFileType = sourcecode.c.objc; path = SDBannerView.m; sourceTree = "<group>"; };
		E57E50031D40D18300675B61 /* SDPersonalInfoView.h */ = {isa = PBXFileReference; fileEncoding = 4; lastKnownFileType = sourcecode.c.h; path = SDPersonalInfoView.h; sourceTree = "<group>"; };
		E57E50041D40D18300675B61 /* SDPersonalInfoView.m */ = {isa = PBXFileReference; fileEncoding = 4; lastKnownFileType = sourcecode.c.objc; path = SDPersonalInfoView.m; sourceTree = "<group>"; };
		E57E50051D40D18300675B61 /* SDSubjectsView.h */ = {isa = PBXFileReference; fileEncoding = 4; lastKnownFileType = sourcecode.c.h; path = SDSubjectsView.h; sourceTree = "<group>"; };
		E57E50061D40D18300675B61 /* SDSubjectsView.m */ = {isa = PBXFileReference; fileEncoding = 4; lastKnownFileType = sourcecode.c.objc; path = SDSubjectsView.m; sourceTree = "<group>"; };
		E57E500A1D40D1B500675B61 /* SDHomeSubjectsCollectionCellViewModel.h */ = {isa = PBXFileReference; fileEncoding = 4; lastKnownFileType = sourcecode.c.h; path = SDHomeSubjectsCollectionCellViewModel.h; sourceTree = "<group>"; };
		E57E500B1D40D1B500675B61 /* SDHomeSubjectsCollectionCellViewModel.m */ = {isa = PBXFileReference; fileEncoding = 4; lastKnownFileType = sourcecode.c.objc; path = SDHomeSubjectsCollectionCellViewModel.m; sourceTree = "<group>"; };
		E57E500C1D40D1B500675B61 /* SDHomeSubjectsViewModel.h */ = {isa = PBXFileReference; fileEncoding = 4; lastKnownFileType = sourcecode.c.h; path = SDHomeSubjectsViewModel.h; sourceTree = "<group>"; };
		E57E500D1D40D1B500675B61 /* SDHomeSubjectsViewModel.m */ = {isa = PBXFileReference; fileEncoding = 4; lastKnownFileType = sourcecode.c.objc; path = SDHomeSubjectsViewModel.m; sourceTree = "<group>"; };
		E57E50101D40D22300675B61 /* YBGHomeDataController.h */ = {isa = PBXFileReference; fileEncoding = 4; lastKnownFileType = sourcecode.c.h; path = YBGHomeDataController.h; sourceTree = "<group>"; };
		E57E50111D40D22300675B61 /* YBGHomeDataController.m */ = {isa = PBXFileReference; fileEncoding = 4; lastKnownFileType = sourcecode.c.objc; path = YBGHomeDataController.m; sourceTree = "<group>"; };
		E57E50131D4117FB00675B61 /* YBGHomeViewController.h */ = {isa = PBXFileReference; fileEncoding = 4; lastKnownFileType = sourcecode.c.h; path = YBGHomeViewController.h; sourceTree = "<group>"; };
		E57E50141D4117FB00675B61 /* YBGHomeViewController.m */ = {isa = PBXFileReference; fileEncoding = 4; lastKnownFileType = sourcecode.c.objc; path = YBGHomeViewController.m; sourceTree = "<group>"; };
		E57E50171D411FE000675B61 /* YBGHomeListReformer.h */ = {isa = PBXFileReference; fileEncoding = 4; lastKnownFileType = sourcecode.c.h; path = YBGHomeListReformer.h; sourceTree = "<group>"; };
		E57E50181D411FE000675B61 /* YBGHomeListReformer.m */ = {isa = PBXFileReference; fileEncoding = 4; lastKnownFileType = sourcecode.c.objc; path = YBGHomeListReformer.m; sourceTree = "<group>"; };
		E58D74671D46FFD6002D1120 /* YBGTimeUtil.h */ = {isa = PBXFileReference; fileEncoding = 4; lastKnownFileType = sourcecode.c.h; path = YBGTimeUtil.h; sourceTree = "<group>"; };
		E58D74681D46FFD6002D1120 /* YBGTimeUtil.m */ = {isa = PBXFileReference; fileEncoding = 4; lastKnownFileType = sourcecode.c.objc; path = YBGTimeUtil.m; sourceTree = "<group>"; };
		E58D746D1D4737F8002D1120 /* YBGBaseViewController.h */ = {isa = PBXFileReference; fileEncoding = 4; lastKnownFileType = sourcecode.c.h; path = YBGBaseViewController.h; sourceTree = "<group>"; };
		E58D746E1D4737F8002D1120 /* YBGBaseViewController.m */ = {isa = PBXFileReference; fileEncoding = 4; lastKnownFileType = sourcecode.c.objc; path = YBGBaseViewController.m; sourceTree = "<group>"; };
		E598AC6A1CEEFAF400294141 /* NSDictionary+YRDNetworkingMethods.h */ = {isa = PBXFileReference; fileEncoding = 4; lastKnownFileType = sourcecode.c.h; path = "NSDictionary+YRDNetworkingMethods.h"; sourceTree = "<group>"; };
		E598AC6B1CEEFAF400294141 /* NSDictionary+YRDNetworkingMethods.m */ = {isa = PBXFileReference; fileEncoding = 4; lastKnownFileType = sourcecode.c.objc; path = "NSDictionary+YRDNetworkingMethods.m"; sourceTree = "<group>"; };
		E598AC6D1CEEFB0E00294141 /* NSObject+YRDNetworkingMethods.h */ = {isa = PBXFileReference; fileEncoding = 4; lastKnownFileType = sourcecode.c.h; path = "NSObject+YRDNetworkingMethods.h"; sourceTree = "<group>"; };
		E598AC6E1CEEFB0E00294141 /* NSObject+YRDNetworkingMethods.m */ = {isa = PBXFileReference; fileEncoding = 4; lastKnownFileType = sourcecode.c.objc; path = "NSObject+YRDNetworkingMethods.m"; sourceTree = "<group>"; };
		E598AC701CEEFBF200294141 /* NSArray+YRDNetworkingMethods.h */ = {isa = PBXFileReference; fileEncoding = 4; lastKnownFileType = sourcecode.c.h; path = "NSArray+YRDNetworkingMethods.h"; sourceTree = "<group>"; };
		E598AC711CEEFBF200294141 /* NSArray+YRDNetworkingMethods.m */ = {isa = PBXFileReference; fileEncoding = 4; lastKnownFileType = sourcecode.c.objc; path = "NSArray+YRDNetworkingMethods.m"; sourceTree = "<group>"; };
		E598AC731CEEFF3000294141 /* NSString+YRDNetworkingMethods.h */ = {isa = PBXFileReference; fileEncoding = 4; lastKnownFileType = sourcecode.c.h; path = "NSString+YRDNetworkingMethods.h"; sourceTree = "<group>"; };
		E598AC741CEEFF3000294141 /* NSString+YRDNetworkingMethods.m */ = {isa = PBXFileReference; fileEncoding = 4; lastKnownFileType = sourcecode.c.objc; path = "NSString+YRDNetworkingMethods.m"; sourceTree = "<group>"; };
		E598AC761CEF011700294141 /* NSMutableString+YRDNetworkingMethods.h */ = {isa = PBXFileReference; fileEncoding = 4; lastKnownFileType = sourcecode.c.h; path = "NSMutableString+YRDNetworkingMethods.h"; sourceTree = "<group>"; };
		E598AC771CEF011700294141 /* NSMutableString+YRDNetworkingMethods.m */ = {isa = PBXFileReference; fileEncoding = 4; lastKnownFileType = sourcecode.c.objc; path = "NSMutableString+YRDNetworkingMethods.m"; sourceTree = "<group>"; };
		E598AC791CEF07C800294141 /* NSURLRequest+YRDNetworkingMethods.h */ = {isa = PBXFileReference; fileEncoding = 4; lastKnownFileType = sourcecode.c.h; path = "NSURLRequest+YRDNetworkingMethods.h"; sourceTree = "<group>"; };
		E598AC7A1CEF07C800294141 /* NSURLRequest+YRDNetworkingMethods.m */ = {isa = PBXFileReference; fileEncoding = 4; lastKnownFileType = sourcecode.c.objc; path = "NSURLRequest+YRDNetworkingMethods.m"; sourceTree = "<group>"; };
		E598AC7C1CEF084400294141 /* UIDevice+IdentifierAddition.h */ = {isa = PBXFileReference; fileEncoding = 4; lastKnownFileType = sourcecode.c.h; path = "UIDevice+IdentifierAddition.h"; sourceTree = "<group>"; };
		E598AC7D1CEF084400294141 /* UIDevice+IdentifierAddition.m */ = {isa = PBXFileReference; fileEncoding = 4; lastKnownFileType = sourcecode.c.objc; path = "UIDevice+IdentifierAddition.m"; sourceTree = "<group>"; };
		E598AC8A1CF2A5D900294141 /* YRDService.h */ = {isa = PBXFileReference; fileEncoding = 4; lastKnownFileType = sourcecode.c.h; path = YRDService.h; sourceTree = "<group>"; };
		E598AC8B1CF2A5D900294141 /* YRDService.m */ = {isa = PBXFileReference; fileEncoding = 4; lastKnownFileType = sourcecode.c.objc; path = YRDService.m; sourceTree = "<group>"; };
		E598AC8D1CF2A7DB00294141 /* YRDServiceFactory.h */ = {isa = PBXFileReference; fileEncoding = 4; lastKnownFileType = sourcecode.c.h; path = YRDServiceFactory.h; sourceTree = "<group>"; };
		E598AC8E1CF2A7DB00294141 /* YRDServiceFactory.m */ = {isa = PBXFileReference; fileEncoding = 4; lastKnownFileType = sourcecode.c.objc; path = YRDServiceFactory.m; sourceTree = "<group>"; };
		E598AC9B1CF2B17F00294141 /* YRDCachedObject.h */ = {isa = PBXFileReference; fileEncoding = 4; lastKnownFileType = sourcecode.c.h; path = YRDCachedObject.h; sourceTree = "<group>"; };
		E598AC9C1CF2B17F00294141 /* YRDCachedObject.m */ = {isa = PBXFileReference; fileEncoding = 4; lastKnownFileType = sourcecode.c.objc; path = YRDCachedObject.m; sourceTree = "<group>"; };
		E598AC9E1CF2B36700294141 /* YRDCache.h */ = {isa = PBXFileReference; fileEncoding = 4; lastKnownFileType = sourcecode.c.h; path = YRDCache.h; sourceTree = "<group>"; };
		E598AC9F1CF2B36700294141 /* YRDCache.m */ = {isa = PBXFileReference; fileEncoding = 4; lastKnownFileType = sourcecode.c.objc; path = YRDCache.m; sourceTree = "<group>"; };
		E598ACA51CF2E48400294141 /* YRDLogger.h */ = {isa = PBXFileReference; fileEncoding = 4; lastKnownFileType = sourcecode.c.h; path = YRDLogger.h; sourceTree = "<group>"; };
		E598ACA61CF2E48400294141 /* YRDLogger.m */ = {isa = PBXFileReference; fileEncoding = 4; lastKnownFileType = sourcecode.c.objc; path = YRDLogger.m; sourceTree = "<group>"; };
		E598ACAE1CF2ED2C00294141 /* YRDNetworking.h */ = {isa = PBXFileReference; fileEncoding = 4; lastKnownFileType = sourcecode.c.h; path = YRDNetworking.h; sourceTree = "<group>"; };
		E598ACC81CF405E100294141 /* WeatherApiManager.h */ = {isa = PBXFileReference; fileEncoding = 4; lastKnownFileType = sourcecode.c.h; path = WeatherApiManager.h; sourceTree = "<group>"; };
		E598ACC91CF405E100294141 /* WeatherApiManager.m */ = {isa = PBXFileReference; fileEncoding = 4; lastKnownFileType = sourcecode.c.objc; path = WeatherApiManager.m; sourceTree = "<group>"; };
		E598ACCB1CF4069B00294141 /* WeatherViewController.h */ = {isa = PBXFileReference; fileEncoding = 4; lastKnownFileType = sourcecode.c.h; path = WeatherViewController.h; sourceTree = "<group>"; };
		E598ACCC1CF4069B00294141 /* WeatherViewController.m */ = {isa = PBXFileReference; fileEncoding = 4; lastKnownFileType = sourcecode.c.objc; path = WeatherViewController.m; sourceTree = "<group>"; };
		E59C31071D3F6C84006F4E63 /* YBGMediator.h */ = {isa = PBXFileReference; fileEncoding = 4; lastKnownFileType = sourcecode.c.h; path = YBGMediator.h; sourceTree = "<group>"; };
		E59C31081D3F6C84006F4E63 /* YBGMediator.m */ = {isa = PBXFileReference; fileEncoding = 4; lastKnownFileType = sourcecode.c.objc; path = YBGMediator.m; sourceTree = "<group>"; };
		E59C310B1D3F6D20006F4E63 /* YBGMediatorErrorViewController.h */ = {isa = PBXFileReference; fileEncoding = 4; lastKnownFileType = sourcecode.c.h; path = YBGMediatorErrorViewController.h; sourceTree = "<group>"; };
		E59C310C1D3F6D20006F4E63 /* YBGMediatorErrorViewController.m */ = {isa = PBXFileReference; fileEncoding = 4; lastKnownFileType = sourcecode.c.objc; path = YBGMediatorErrorViewController.m; sourceTree = "<group>"; };
		E59C310D1D3F6D20006F4E63 /* YBGMediatorErrorViewController.xib */ = {isa = PBXFileReference; fileEncoding = 4; lastKnownFileType = file.xib; path = YBGMediatorErrorViewController.xib; sourceTree = "<group>"; };
		E59C31101D3F6D63006F4E63 /* YBGTarget_Default.h */ = {isa = PBXFileReference; fileEncoding = 4; lastKnownFileType = sourcecode.c.h; path = YBGTarget_Default.h; sourceTree = "<group>"; };
		E59C31111D3F6D63006F4E63 /* YBGTarget_Default.m */ = {isa = PBXFileReference; fileEncoding = 4; lastKnownFileType = sourcecode.c.objc; path = YBGTarget_Default.m; sourceTree = "<group>"; };
		E59C31131D3F6DAA006F4E63 /* YBGMediator+YBGMediatorModuleDefaultActions.h */ = {isa = PBXFileReference; fileEncoding = 4; lastKnownFileType = sourcecode.c.h; path = "YBGMediator+YBGMediatorModuleDefaultActions.h"; sourceTree = "<group>"; };
		E59C31141D3F6DAA006F4E63 /* YBGMediator+YBGMediatorModuleDefaultActions.m */ = {isa = PBXFileReference; fileEncoding = 4; lastKnownFileType = sourcecode.c.objc; path = "YBGMediator+YBGMediatorModuleDefaultActions.m"; sourceTree = "<group>"; };
		E59C31171D3F7030006F4E63 /* MediatorViewController.h */ = {isa = PBXFileReference; fileEncoding = 4; lastKnownFileType = sourcecode.c.h; path = MediatorViewController.h; sourceTree = "<group>"; };
		E59C31181D3F7030006F4E63 /* MediatorViewController.m */ = {isa = PBXFileReference; fileEncoding = 4; lastKnownFileType = sourcecode.c.objc; path = MediatorViewController.m; sourceTree = "<group>"; };
		E59C311D1D3F71D0006F4E63 /* YBGTarget_A.h */ = {isa = PBXFileReference; fileEncoding = 4; lastKnownFileType = sourcecode.c.h; path = YBGTarget_A.h; sourceTree = "<group>"; };
		E59C311E1D3F71D0006F4E63 /* YBGTarget_A.m */ = {isa = PBXFileReference; fileEncoding = 4; lastKnownFileType = sourcecode.c.objc; path = YBGTarget_A.m; sourceTree = "<group>"; };
		E59C31201D3F71EF006F4E63 /* DemoModuleADetailViewController.h */ = {isa = PBXFileReference; fileEncoding = 4; lastKnownFileType = sourcecode.c.h; path = DemoModuleADetailViewController.h; sourceTree = "<group>"; };
		E59C31211D3F71EF006F4E63 /* DemoModuleADetailViewController.m */ = {isa = PBXFileReference; fileEncoding = 4; lastKnownFileType = sourcecode.c.objc; path = DemoModuleADetailViewController.m; sourceTree = "<group>"; };
		E59C31231D3F7222006F4E63 /* YBGMediator+YBGMediatorModuleAActions.h */ = {isa = PBXFileReference; fileEncoding = 4; lastKnownFileType = sourcecode.c.h; path = "YBGMediator+YBGMediatorModuleAActions.h"; sourceTree = "<group>"; };
		E59C31241D3F7222006F4E63 /* YBGMediator+YBGMediatorModuleAActions.m */ = {isa = PBXFileReference; fileEncoding = 4; lastKnownFileType = sourcecode.c.objc; path = "YBGMediator+YBGMediatorModuleAActions.m"; sourceTree = "<group>"; };
		E5DA6FFB1D0157B4008E9724 /* YRDURLResponse.h */ = {isa = PBXFileReference; fileEncoding = 4; lastKnownFileType = sourcecode.c.h; path = YRDURLResponse.h; sourceTree = "<group>"; };
		E5DA6FFC1D0157B4008E9724 /* YRDURLResponse.m */ = {isa = PBXFileReference; fileEncoding = 4; lastKnownFileType = sourcecode.c.objc; path = YRDURLResponse.m; sourceTree = "<group>"; };
		E5DA6FFE1D0157B4008E9724 /* YRDAPIBaseManager.h */ = {isa = PBXFileReference; fileEncoding = 4; lastKnownFileType = sourcecode.c.h; path = YRDAPIBaseManager.h; sourceTree = "<group>"; };
		E5DA6FFF1D0157B4008E9724 /* YRDAPIBaseManager.m */ = {isa = PBXFileReference; fileEncoding = 4; lastKnownFileType = sourcecode.c.objc; path = YRDAPIBaseManager.m; sourceTree = "<group>"; };
		E5DA70011D0157B4008E9724 /* YRDApiProxy.h */ = {isa = PBXFileReference; fileEncoding = 4; lastKnownFileType = sourcecode.c.h; path = YRDApiProxy.h; sourceTree = "<group>"; };
		E5DA70021D0157B4008E9724 /* YRDApiProxy.m */ = {isa = PBXFileReference; fileEncoding = 4; lastKnownFileType = sourcecode.c.objc; path = YRDApiProxy.m; sourceTree = "<group>"; };
		E5DA70081D015836008E9724 /* YRDCommonParamsGenerator.h */ = {isa = PBXFileReference; fileEncoding = 4; lastKnownFileType = sourcecode.c.h; path = YRDCommonParamsGenerator.h; sourceTree = "<group>"; };
		E5DA70091D015836008E9724 /* YRDCommonParamsGenerator.m */ = {isa = PBXFileReference; fileEncoding = 4; lastKnownFileType = sourcecode.c.objc; path = YRDCommonParamsGenerator.m; sourceTree = "<group>"; };
		E5DA700B1D015836008E9724 /* YRDRequestGenerator.h */ = {isa = PBXFileReference; fileEncoding = 4; lastKnownFileType = sourcecode.c.h; path = YRDRequestGenerator.h; sourceTree = "<group>"; };
		E5DA700C1D015836008E9724 /* YRDRequestGenerator.m */ = {isa = PBXFileReference; fileEncoding = 4; lastKnownFileType = sourcecode.c.objc; path = YRDRequestGenerator.m; sourceTree = "<group>"; };
		E5DA700E1D015836008E9724 /* YRDSignatureGenerator.h */ = {isa = PBXFileReference; fileEncoding = 4; lastKnownFileType = sourcecode.c.h; path = YRDSignatureGenerator.h; sourceTree = "<group>"; };
		E5DA700F1D015836008E9724 /* YRDSignatureGenerator.m */ = {isa = PBXFileReference; fileEncoding = 4; lastKnownFileType = sourcecode.c.objc; path = YRDSignatureGenerator.m; sourceTree = "<group>"; };
		E5DA70111D015836008E9724 /* YRDUDIDGenerator.h */ = {isa = PBXFileReference; fileEncoding = 4; lastKnownFileType = sourcecode.c.h; path = YRDUDIDGenerator.h; sourceTree = "<group>"; };
		E5DA70121D015836008E9724 /* YRDUDIDGenerator.m */ = {isa = PBXFileReference; fileEncoding = 4; lastKnownFileType = sourcecode.c.objc; path = YRDUDIDGenerator.m; sourceTree = "<group>"; };
		E5DA70191D01594A008E9724 /* YRDAppContext.h */ = {isa = PBXFileReference; fileEncoding = 4; lastKnownFileType = sourcecode.c.h; path = YRDAppContext.h; sourceTree = "<group>"; };
		E5DA701A1D01594A008E9724 /* YRDAppContext.m */ = {isa = PBXFileReference; fileEncoding = 4; lastKnownFileType = sourcecode.c.objc; path = YRDAppContext.m; sourceTree = "<group>"; };
		E5DA701C1D01594A008E9724 /* YRDLoggerConfiguration.h */ = {isa = PBXFileReference; fileEncoding = 4; lastKnownFileType = sourcecode.c.h; path = YRDLoggerConfiguration.h; sourceTree = "<group>"; };
		E5DA701D1D01594A008E9724 /* YRDLoggerConfiguration.m */ = {isa = PBXFileReference; fileEncoding = 4; lastKnownFileType = sourcecode.c.objc; path = YRDLoggerConfiguration.m; sourceTree = "<group>"; };
		E5DA701E1D01594A008E9724 /* YRDNetworkingConfiguration.h */ = {isa = PBXFileReference; fileEncoding = 4; lastKnownFileType = sourcecode.c.h; path = YRDNetworkingConfiguration.h; sourceTree = "<group>"; };
		E5DA70211D01594A008E9724 /* WeatherService.h */ = {isa = PBXFileReference; fileEncoding = 4; lastKnownFileType = sourcecode.c.h; path = WeatherService.h; sourceTree = "<group>"; };
		E5DA70221D01594A008E9724 /* WeatherService.m */ = {isa = PBXFileReference; fileEncoding = 4; lastKnownFileType = sourcecode.c.objc; path = WeatherService.m; sourceTree = "<group>"; };
		E5DA70241D01594A008E9724 /* YRDServiceYiBaoGao.h */ = {isa = PBXFileReference; fileEncoding = 4; lastKnownFileType = sourcecode.c.h; path = YRDServiceYiBaoGao.h; sourceTree = "<group>"; };
		E5DA70251D01594A008E9724 /* YRDServiceYiBaoGao.m */ = {isa = PBXFileReference; fileEncoding = 4; lastKnownFileType = sourcecode.c.objc; path = YRDServiceYiBaoGao.m; sourceTree = "<group>"; };
		E5DA702B1D017396008E9724 /* YRDLocationManager.h */ = {isa = PBXFileReference; fileEncoding = 4; lastKnownFileType = sourcecode.c.h; path = YRDLocationManager.h; sourceTree = "<group>"; };
		E5DA702C1D017396008E9724 /* YRDLocationManager.m */ = {isa = PBXFileReference; fileEncoding = 4; lastKnownFileType = sourcecode.c.objc; path = YRDLocationManager.m; sourceTree = "<group>"; };
/* End PBXFileReference section */

/* Begin PBXFrameworksBuildPhase section */
		E5340B081C9661AD00205879 /* Frameworks */ = {
			isa = PBXFrameworksBuildPhase;
			buildActionMask = 2147483647;
			files = (
				711031753C368D895300CAD3 /* libPods-YRDGoodArc.a in Frameworks */,
			);
			runOnlyForDeploymentPostprocessing = 0;
		};
/* End PBXFrameworksBuildPhase section */

/* Begin PBXGroup section */
		767BA16C58044278D093F469 /* Frameworks */ = {
			isa = PBXGroup;
			children = (
				524139B428E764F17159580F /* libPods-YRDGoodArc.a */,
			);
			name = Frameworks;
			sourceTree = "<group>";
		};
		C18BD7CA10A1493C4608B381 /* Pods */ = {
			isa = PBXGroup;
			children = (
				BCE42E0FB5C29340E89F25B7 /* Pods-YRDGoodArc.debug.xcconfig */,
				D00A1A3572EB534E01342B99 /* Pods-YRDGoodArc.release.xcconfig */,
			);
			name = Pods;
			sourceTree = "<group>";
		};
		E5340B021C9661AD00205879 = {
			isa = PBXGroup;
			children = (
				E5340B0D1C9661AD00205879 /* YRDGoodArc */,
				E5340B0C1C9661AD00205879 /* Products */,
				C18BD7CA10A1493C4608B381 /* Pods */,
				767BA16C58044278D093F469 /* Frameworks */,
			);
			sourceTree = "<group>";
		};
		E5340B0C1C9661AD00205879 /* Products */ = {
			isa = PBXGroup;
			children = (
				E5340B0B1C9661AD00205879 /* YRDGoodArc.app */,
			);
			name = Products;
			sourceTree = "<group>";
		};
		E5340B0D1C9661AD00205879 /* YRDGoodArc */ = {
			isa = PBXGroup;
			children = (
				E57C205D1D06CB1F0063ABDD /* General */,
				E598AC621CEDB23300294141 /* Components */,
				E5340B361C96A72900205879 /* Demos */,
				E5340B301C969D1200205879 /* Vendors */,
				E5340B111C9661AD00205879 /* AppDelegate.h */,
				E5340B121C9661AD00205879 /* AppDelegate.m */,
				E5340B171C9661AD00205879 /* Main.storyboard */,
				E5340B1A1C9661AD00205879 /* Assets.xcassets */,
				E5340B1C1C9661AD00205879 /* LaunchScreen.storyboard */,
				E5340B1F1C9661AD00205879 /* Info.plist */,
				E5340B0E1C9661AD00205879 /* Supporting Files */,
			);
			path = YRDGoodArc;
			sourceTree = "<group>";
		};
		E5340B0E1C9661AD00205879 /* Supporting Files */ = {
			isa = PBXGroup;
			children = (
				E5340B0F1C9661AD00205879 /* main.m */,
				E5340B2C1C96905900205879 /* YRDGoodArcPrefixHeader.pch */,
			);
			name = "Supporting Files";
			sourceTree = "<group>";
		};
		E5340B301C969D1200205879 /* Vendors */ = {
			isa = PBXGroup;
			children = (
				E5340B311C969E9900205879 /* FDFullscreenPopGesture */,
			);
			path = Vendors;
			sourceTree = "<group>";
		};
		E5340B311C969E9900205879 /* FDFullscreenPopGesture */ = {
			isa = PBXGroup;
			children = (
				E5340B321C969E9900205879 /* UINavigationController+FDFullscreenPopGesture.h */,
				E5340B331C969E9900205879 /* UINavigationController+FDFullscreenPopGesture.m */,
			);
			path = FDFullscreenPopGesture;
			sourceTree = "<group>";
		};
		E5340B361C96A72900205879 /* Demos */ = {
			isa = PBXGroup;
			children = (
				E57E4FF81D40D12300675B61 /* MVVMDemo */,
				E59C31161D3F6F84006F4E63 /* Mediator */,
				E57C84A81D1933E600311A06 /* RealmDemo */,
				E598ACC11CF404F500294141 /* HTTPDemo */,
				E5340B481C970EFD00205879 /* AFNetworkingDemo */,
				E5340B371C96A72900205879 /* FDFullScreenUseDemo */,
				E5340B3C1C96A72900205879 /* YYModelDemo */,
			);
			path = Demos;
			sourceTree = "<group>";
		};
		E5340B371C96A72900205879 /* FDFullScreenUseDemo */ = {
			isa = PBXGroup;
			children = (
				E5340B381C96A72900205879 /* SecondViewController.h */,
				E5340B391C96A72900205879 /* SecondViewController.m */,
				E5340B3A1C96A72900205879 /* ViewController.h */,
				E5340B3B1C96A72900205879 /* ViewController.m */,
			);
			path = FDFullScreenUseDemo;
			sourceTree = "<group>";
		};
		E5340B3C1C96A72900205879 /* YYModelDemo */ = {
			isa = PBXGroup;
			children = (
				E5340B3F1C96AA0500205879 /* User.h */,
				E5340B401C96AA0500205879 /* User.m */,
				E5340B421C96AB2200205879 /* YYModelTestViewController.h */,
				E5340B431C96AB2200205879 /* YYModelTestViewController.m */,
				E5340B451C96B0B400205879 /* Dog.h */,
				E5340B461C96B0B400205879 /* Dog.m */,
			);
			path = YYModelDemo;
			sourceTree = "<group>";
		};
		E5340B481C970EFD00205879 /* AFNetworkingDemo */ = {
			isa = PBXGroup;
			children = (
				E5340B491C970F1500205879 /* AFAppDotNetAPIClient.h */,
				E5340B4A1C970F1500205879 /* AFAppDotNetAPIClient.m */,
				E5340B4C1C970F4B00205879 /* Request.h */,
				E5340B4D1C970F4B00205879 /* Request.m */,
				E5340B4F1C97103300205879 /* AFNDemoViewController.h */,
				E5340B501C97103300205879 /* AFNDemoViewController.m */,
			);
			path = AFNetworkingDemo;
			sourceTree = "<group>";
		};
		E559C5301D00215900E118E4 /* DataReformer */ = {
			isa = PBXGroup;
			children = (
				E559C5311D00217600E118E4 /* SchoolListReformer.h */,
				E559C5321D00217600E118E4 /* SchoolListReformer.m */,
			);
			path = DataReformer;
			sourceTree = "<group>";
		};
		E559C5341D0021DB00E118E4 /* Model */ = {
			isa = PBXGroup;
			children = (
				E559C5351D0022AD00E118E4 /* SchoolItem.h */,
				E559C5361D0022AD00E118E4 /* SchoolItem.m */,
			);
			path = Model;
			sourceTree = "<group>";
		};
		E57C20591D067C430063ABDD /* ChangableService */ = {
			isa = PBXGroup;
			children = (
				E57C205A1D067C680063ABDD /* YRDServiceChangable.h */,
				E57C205B1D067C680063ABDD /* YRDServiceChangable.m */,
			);
			path = ChangableService;
			sourceTree = "<group>";
		};
		E57C205D1D06CB1F0063ABDD /* General */ = {
			isa = PBXGroup;
			children = (
				E57C205E1D06CB1F0063ABDD /* Macros */,
				E57C20601D06CB1F0063ABDD /* YRDGeneral.h */,
			);
			path = General;
			sourceTree = "<group>";
		};
		E57C205E1D06CB1F0063ABDD /* Macros */ = {
			isa = PBXGroup;
			children = (
				E57C205F1D06CB1F0063ABDD /* MethodsMacro.h */,
			);
			path = Macros;
			sourceTree = "<group>";
		};
		E57C84A81D1933E600311A06 /* RealmDemo */ = {
			isa = PBXGroup;
			children = (
				E57C84A91D1933E600311A06 /* Model */,
				E57C84AA1D1933E600311A06 /* VC */,
			);
			path = RealmDemo;
			sourceTree = "<group>";
		};
		E57C84A91D1933E600311A06 /* Model */ = {
			isa = PBXGroup;
			children = (
				E57C84AE1D19353A00311A06 /* RealmDog.h */,
				E57C84AF1D19353A00311A06 /* RealmDog.m */,
				E57C84B11D1938BE00311A06 /* RealmBook.h */,
				E57C84B21D1938BE00311A06 /* RealmBook.m */,
				E57C84B41D1A723900311A06 /* JSONCity.h */,
				E57C84B51D1A723900311A06 /* JSONCity.m */,
			);
			path = Model;
			sourceTree = "<group>";
		};
		E57C84AA1D1933E600311A06 /* VC */ = {
			isa = PBXGroup;
			children = (
				E57C84AB1D1933FF00311A06 /* RealmDemoViewController.h */,
				E57C84AC1D1933FF00311A06 /* RealmDemoViewController.m */,
			);
			path = VC;
			sourceTree = "<group>";
		};
		E57E4FEB1D40C5AC00675B61 /* MVVM */ = {
			isa = PBXGroup;
			children = (
				E57E4FF41D40CE8A00675B61 /* Model */,
				E57E4FEC1D40C5AC00675B61 /* DataController */,
				E57E4FED1D40C5AC00675B61 /* ViewModel */,
			);
			path = MVVM;
			sourceTree = "<group>";
		};
		E57E4FEC1D40C5AC00675B61 /* DataController */ = {
			isa = PBXGroup;
			children = (
				E57E4FEE1D40C5C600675B61 /* YBGBaseDataController.h */,
				E57E4FEF1D40C5C600675B61 /* YBGBaseDataController.m */,
			);
			path = DataController;
			sourceTree = "<group>";
		};
		E57E4FED1D40C5AC00675B61 /* ViewModel */ = {
			isa = PBXGroup;
			children = (
				E57E4FF11D40C5D900675B61 /* YBGBaseViewModel.h */,
				E57E4FF21D40C5D900675B61 /* YBGBaseViewModel.m */,
			);
			path = ViewModel;
			sourceTree = "<group>";
		};
		E57E4FF41D40CE8A00675B61 /* Model */ = {
			isa = PBXGroup;
			children = (
				E57E4FF51D40CE9D00675B61 /* YBGBaseModel.h */,
				E57E4FF61D40CE9D00675B61 /* YBGBaseModel.m */,
			);
			path = Model;
			sourceTree = "<group>";
		};
		E57E4FF81D40D12300675B61 /* MVVMDemo */ = {
			isa = PBXGroup;
			children = (
				E57E50161D411FBD00675B61 /* DataReformer */,
				E57E4FF91D40D12300675B61 /* DataController */,
				E57E4FFA1D40D12300675B61 /* Model */,
				E57E4FFB1D40D12300675B61 /* View */,
				E57E4FFC1D40D12300675B61 /* ViewController */,
				E57E4FFD1D40D12300675B61 /* ViewModel */,
			);
			path = MVVMDemo;
			sourceTree = "<group>";
		};
		E57E4FF91D40D12300675B61 /* DataController */ = {
			isa = PBXGroup;
			children = (
				E57E50101D40D22300675B61 /* YBGHomeDataController.h */,
				E57E50111D40D22300675B61 /* YBGHomeDataController.m */,
			);
			path = DataController;
			sourceTree = "<group>";
		};
		E57E4FFA1D40D12300675B61 /* Model */ = {
			isa = PBXGroup;
			children = (
				E57E4FFE1D40D13D00675B61 /* SDSubject.h */,
				E57E4FFF1D40D13D00675B61 /* SDSubject.m */,
			);
			path = Model;
			sourceTree = "<group>";
		};
		E57E4FFB1D40D12300675B61 /* View */ = {
			isa = PBXGroup;
			children = (
				E57E50011D40D18300675B61 /* SDBannerView.h */,
				E57E50021D40D18300675B61 /* SDBannerView.m */,
				E57E50031D40D18300675B61 /* SDPersonalInfoView.h */,
				E57E50041D40D18300675B61 /* SDPersonalInfoView.m */,
				E57E50051D40D18300675B61 /* SDSubjectsView.h */,
				E57E50061D40D18300675B61 /* SDSubjectsView.m */,
			);
			path = View;
			sourceTree = "<group>";
		};
		E57E4FFC1D40D12300675B61 /* ViewController */ = {
			isa = PBXGroup;
			children = (
				E57E50131D4117FB00675B61 /* YBGHomeViewController.h */,
				E57E50141D4117FB00675B61 /* YBGHomeViewController.m */,
			);
			path = ViewController;
			sourceTree = "<group>";
		};
		E57E4FFD1D40D12300675B61 /* ViewModel */ = {
			isa = PBXGroup;
			children = (
				E57E500A1D40D1B500675B61 /* SDHomeSubjectsCollectionCellViewModel.h */,
				E57E500B1D40D1B500675B61 /* SDHomeSubjectsCollectionCellViewModel.m */,
				E57E500C1D40D1B500675B61 /* SDHomeSubjectsViewModel.h */,
				E57E500D1D40D1B500675B61 /* SDHomeSubjectsViewModel.m */,
			);
			path = ViewModel;
			sourceTree = "<group>";
		};
		E57E50161D411FBD00675B61 /* DataReformer */ = {
			isa = PBXGroup;
			children = (
				E57E50171D411FE000675B61 /* YBGHomeListReformer.h */,
				E57E50181D411FE000675B61 /* YBGHomeListReformer.m */,
			);
			path = DataReformer;
			sourceTree = "<group>";
		};
		E58D74661D46FCC0002D1120 /* Tools */ = {
			isa = PBXGroup;
			children = (
				E58D74671D46FFD6002D1120 /* YBGTimeUtil.h */,
				E58D74681D46FFD6002D1120 /* YBGTimeUtil.m */,
			);
			path = Tools;
			sourceTree = "<group>";
		};
		E58D746A1D4737DA002D1120 /* UILayer */ = {
			isa = PBXGroup;
			children = (
				E58D746B1D4737DA002D1120 /* BaseControllers */,
				E58D746C1D4737DA002D1120 /* BaseUIViews */,
			);
			path = UILayer;
			sourceTree = "<group>";
		};
		E58D746B1D4737DA002D1120 /* BaseControllers */ = {
			isa = PBXGroup;
			children = (
				E58D746D1D4737F8002D1120 /* YBGBaseViewController.h */,
				E58D746E1D4737F8002D1120 /* YBGBaseViewController.m */,
			);
			path = BaseControllers;
			sourceTree = "<group>";
		};
		E58D746C1D4737DA002D1120 /* BaseUIViews */ = {
			isa = PBXGroup;
			children = (
			);
			path = BaseUIViews;
			sourceTree = "<group>";
		};
		E598AC621CEDB23300294141 /* Components */ = {
			isa = PBXGroup;
			children = (
				E58D746A1D4737DA002D1120 /* UILayer */,
				E58D74661D46FCC0002D1120 /* Tools */,
				E57E4FEB1D40C5AC00675B61 /* MVVM */,
				E59C31031D3F6C6C006F4E63 /* Mediator */,
				E598AC631CEDB23300294141 /* HTTP */,
			);
			path = Components;
			sourceTree = "<group>";
		};
		E598AC631CEDB23300294141 /* HTTP */ = {
			isa = PBXGroup;
			children = (
				E5DA70171D01594A008E9724 /* YRDNetWorkingCustoms */,
				E5DA70061D015836008E9724 /* Generators */,
				E598AC931CF2ADBE00294141 /* Components */,
				E598AC891CF2A5B600294141 /* Services */,
				E598AC691CEEF71F00294141 /* Categories */,
				E598ACAE1CF2ED2C00294141 /* YRDNetworking.h */,
			);
			path = HTTP;
			sourceTree = "<group>";
		};
		E598AC691CEEF71F00294141 /* Categories */ = {
			isa = PBXGroup;
			children = (
				E598AC6A1CEEFAF400294141 /* NSDictionary+YRDNetworkingMethods.h */,
				E598AC6B1CEEFAF400294141 /* NSDictionary+YRDNetworkingMethods.m */,
				E598AC6D1CEEFB0E00294141 /* NSObject+YRDNetworkingMethods.h */,
				E598AC6E1CEEFB0E00294141 /* NSObject+YRDNetworkingMethods.m */,
				E598AC701CEEFBF200294141 /* NSArray+YRDNetworkingMethods.h */,
				E598AC711CEEFBF200294141 /* NSArray+YRDNetworkingMethods.m */,
				E598AC731CEEFF3000294141 /* NSString+YRDNetworkingMethods.h */,
				E598AC741CEEFF3000294141 /* NSString+YRDNetworkingMethods.m */,
				E598AC761CEF011700294141 /* NSMutableString+YRDNetworkingMethods.h */,
				E598AC771CEF011700294141 /* NSMutableString+YRDNetworkingMethods.m */,
				E598AC791CEF07C800294141 /* NSURLRequest+YRDNetworkingMethods.h */,
				E598AC7A1CEF07C800294141 /* NSURLRequest+YRDNetworkingMethods.m */,
				E598AC7C1CEF084400294141 /* UIDevice+IdentifierAddition.h */,
				E598AC7D1CEF084400294141 /* UIDevice+IdentifierAddition.m */,
			);
			path = Categories;
			sourceTree = "<group>";
		};
		E598AC891CF2A5B600294141 /* Services */ = {
			isa = PBXGroup;
			children = (
				E598AC8A1CF2A5D900294141 /* YRDService.h */,
				E598AC8B1CF2A5D900294141 /* YRDService.m */,
				E598AC8D1CF2A7DB00294141 /* YRDServiceFactory.h */,
				E598AC8E1CF2A7DB00294141 /* YRDServiceFactory.m */,
			);
			path = Services;
			sourceTree = "<group>";
		};
		E598AC931CF2ADBE00294141 /* Components */ = {
			isa = PBXGroup;
			children = (
				E5DA702A1D017396008E9724 /* LocationManager */,
				E5DA6FFA1D0157B4008E9724 /* URLResponse */,
				E5DA6FFD1D0157B4008E9724 /* BaseAPIManager */,
				E5DA70001D0157B4008E9724 /* APIProxy */,
				E598ACA11CF2DBB000294141 /* LogComponents */,
				E598AC9A1CF2B11D00294141 /* CacheComponents */,
			);
			path = Components;
			sourceTree = "<group>";
		};
		E598AC9A1CF2B11D00294141 /* CacheComponents */ = {
			isa = PBXGroup;
			children = (
				E598AC9B1CF2B17F00294141 /* YRDCachedObject.h */,
				E598AC9C1CF2B17F00294141 /* YRDCachedObject.m */,
				E598AC9E1CF2B36700294141 /* YRDCache.h */,
				E598AC9F1CF2B36700294141 /* YRDCache.m */,
			);
			path = CacheComponents;
			sourceTree = "<group>";
		};
		E598ACA11CF2DBB000294141 /* LogComponents */ = {
			isa = PBXGroup;
			children = (
				E598ACA51CF2E48400294141 /* YRDLogger.h */,
				E598ACA61CF2E48400294141 /* YRDLogger.m */,
			);
			path = LogComponents;
			sourceTree = "<group>";
		};
		E598ACC11CF404F500294141 /* HTTPDemo */ = {
			isa = PBXGroup;
			children = (
				E559C5341D0021DB00E118E4 /* Model */,
				E559C5301D00215900E118E4 /* DataReformer */,
				E598ACC21CF404F500294141 /* API */,
				E598ACC41CF404F500294141 /* VC */,
			);
			path = HTTPDemo;
			sourceTree = "<group>";
		};
		E598ACC21CF404F500294141 /* API */ = {
			isa = PBXGroup;
			children = (
				E598ACC81CF405E100294141 /* WeatherApiManager.h */,
				E598ACC91CF405E100294141 /* WeatherApiManager.m */,
				E559C52D1D001C6E00E118E4 /* YiBaoGaoApiManager.h */,
				E559C52E1D001C6E00E118E4 /* YiBaoGaoApiManager.m */,
			);
			path = API;
			sourceTree = "<group>";
		};
		E598ACC41CF404F500294141 /* VC */ = {
			isa = PBXGroup;
			children = (
				E598ACCB1CF4069B00294141 /* WeatherViewController.h */,
				E598ACCC1CF4069B00294141 /* WeatherViewController.m */,
				E559C52A1D001B7B00E118E4 /* HTTPPostTableViewController.h */,
				E559C52B1D001B7B00E118E4 /* HTTPPostTableViewController.m */,
			);
			path = VC;
			sourceTree = "<group>";
		};
		E59C31031D3F6C6C006F4E63 /* Mediator */ = {
			isa = PBXGroup;
			children = (
				E59C31041D3F6C6C006F4E63 /* DefaultModule */,
				E59C31071D3F6C84006F4E63 /* YBGMediator.h */,
				E59C31081D3F6C84006F4E63 /* YBGMediator.m */,
			);
			path = Mediator;
			sourceTree = "<group>";
		};
		E59C31041D3F6C6C006F4E63 /* DefaultModule */ = {
			isa = PBXGroup;
			children = (
				E59C310A1D3F6D20006F4E63 /* DefaultErrorController */,
				E59C31051D3F6C6C006F4E63 /* Action */,
				E59C31061D3F6C6C006F4E63 /* Category */,
			);
			path = DefaultModule;
			sourceTree = "<group>";
		};
		E59C31051D3F6C6C006F4E63 /* Action */ = {
			isa = PBXGroup;
			children = (
				E59C31101D3F6D63006F4E63 /* YBGTarget_Default.h */,
				E59C31111D3F6D63006F4E63 /* YBGTarget_Default.m */,
			);
			path = Action;
			sourceTree = "<group>";
		};
		E59C31061D3F6C6C006F4E63 /* Category */ = {
			isa = PBXGroup;
			children = (
				E59C31131D3F6DAA006F4E63 /* YBGMediator+YBGMediatorModuleDefaultActions.h */,
				E59C31141D3F6DAA006F4E63 /* YBGMediator+YBGMediatorModuleDefaultActions.m */,
			);
			path = Category;
			sourceTree = "<group>";
		};
		E59C310A1D3F6D20006F4E63 /* DefaultErrorController */ = {
			isa = PBXGroup;
			children = (
				E59C310B1D3F6D20006F4E63 /* YBGMediatorErrorViewController.h */,
				E59C310C1D3F6D20006F4E63 /* YBGMediatorErrorViewController.m */,
				E59C310D1D3F6D20006F4E63 /* YBGMediatorErrorViewController.xib */,
			);
			path = DefaultErrorController;
			sourceTree = "<group>";
		};
		E59C31161D3F6F84006F4E63 /* Mediator */ = {
			isa = PBXGroup;
			children = (
				E59C311A1D3F71B7006F4E63 /* DetailModule */,
				E59C31171D3F7030006F4E63 /* MediatorViewController.h */,
				E59C31181D3F7030006F4E63 /* MediatorViewController.m */,
			);
			path = Mediator;
			sourceTree = "<group>";
		};
		E59C311A1D3F71B7006F4E63 /* DetailModule */ = {
			isa = PBXGroup;
			children = (
				E59C31201D3F71EF006F4E63 /* DemoModuleADetailViewController.h */,
				E59C31211D3F71EF006F4E63 /* DemoModuleADetailViewController.m */,
				E59C311B1D3F71B7006F4E63 /* Actions */,
				E59C311C1D3F71B7006F4E63 /* Category */,
			);
			path = DetailModule;
			sourceTree = "<group>";
		};
		E59C311B1D3F71B7006F4E63 /* Actions */ = {
			isa = PBXGroup;
			children = (
				E59C311D1D3F71D0006F4E63 /* YBGTarget_A.h */,
				E59C311E1D3F71D0006F4E63 /* YBGTarget_A.m */,
			);
			path = Actions;
			sourceTree = "<group>";
		};
		E59C311C1D3F71B7006F4E63 /* Category */ = {
			isa = PBXGroup;
			children = (
				E59C31231D3F7222006F4E63 /* YBGMediator+YBGMediatorModuleAActions.h */,
				E59C31241D3F7222006F4E63 /* YBGMediator+YBGMediatorModuleAActions.m */,
			);
			path = Category;
			sourceTree = "<group>";
		};
		E5DA6FFA1D0157B4008E9724 /* URLResponse */ = {
			isa = PBXGroup;
			children = (
				E5DA6FFB1D0157B4008E9724 /* YRDURLResponse.h */,
				E5DA6FFC1D0157B4008E9724 /* YRDURLResponse.m */,
			);
			path = URLResponse;
			sourceTree = "<group>";
		};
		E5DA6FFD1D0157B4008E9724 /* BaseAPIManager */ = {
			isa = PBXGroup;
			children = (
				E5DA6FFE1D0157B4008E9724 /* YRDAPIBaseManager.h */,
				E5DA6FFF1D0157B4008E9724 /* YRDAPIBaseManager.m */,
			);
			path = BaseAPIManager;
			sourceTree = "<group>";
		};
		E5DA70001D0157B4008E9724 /* APIProxy */ = {
			isa = PBXGroup;
			children = (
				E5DA70011D0157B4008E9724 /* YRDApiProxy.h */,
				E5DA70021D0157B4008E9724 /* YRDApiProxy.m */,
			);
			path = APIProxy;
			sourceTree = "<group>";
		};
		E5DA70061D015836008E9724 /* Generators */ = {
			isa = PBXGroup;
			children = (
				E5DA70071D015836008E9724 /* CommonParamsGenerator */,
				E5DA700A1D015836008E9724 /* RequestGenerator */,
				E5DA700D1D015836008E9724 /* SignatureGenerator */,
				E5DA70101D015836008E9724 /* UDIDGenerator */,
			);
			path = Generators;
			sourceTree = "<group>";
		};
		E5DA70071D015836008E9724 /* CommonParamsGenerator */ = {
			isa = PBXGroup;
			children = (
				E5DA70081D015836008E9724 /* YRDCommonParamsGenerator.h */,
				E5DA70091D015836008E9724 /* YRDCommonParamsGenerator.m */,
			);
			path = CommonParamsGenerator;
			sourceTree = "<group>";
		};
		E5DA700A1D015836008E9724 /* RequestGenerator */ = {
			isa = PBXGroup;
			children = (
				E5DA700B1D015836008E9724 /* YRDRequestGenerator.h */,
				E5DA700C1D015836008E9724 /* YRDRequestGenerator.m */,
			);
			path = RequestGenerator;
			sourceTree = "<group>";
		};
		E5DA700D1D015836008E9724 /* SignatureGenerator */ = {
			isa = PBXGroup;
			children = (
				E5DA700E1D015836008E9724 /* YRDSignatureGenerator.h */,
				E5DA700F1D015836008E9724 /* YRDSignatureGenerator.m */,
			);
			path = SignatureGenerator;
			sourceTree = "<group>";
		};
		E5DA70101D015836008E9724 /* UDIDGenerator */ = {
			isa = PBXGroup;
			children = (
				E5DA70111D015836008E9724 /* YRDUDIDGenerator.h */,
				E5DA70121D015836008E9724 /* YRDUDIDGenerator.m */,
			);
			path = UDIDGenerator;
			sourceTree = "<group>";
		};
		E5DA70171D01594A008E9724 /* YRDNetWorkingCustoms */ = {
			isa = PBXGroup;
			children = (
				E5DA70181D01594A008E9724 /* AppContext */,
				E5DA701B1D01594A008E9724 /* Configurations */,
				E5DA701F1D01594A008E9724 /* CustomServices */,
			);
			path = YRDNetWorkingCustoms;
			sourceTree = "<group>";
		};
		E5DA70181D01594A008E9724 /* AppContext */ = {
			isa = PBXGroup;
			children = (
				E5DA70191D01594A008E9724 /* YRDAppContext.h */,
				E5DA701A1D01594A008E9724 /* YRDAppContext.m */,
			);
			path = AppContext;
			sourceTree = "<group>";
		};
		E5DA701B1D01594A008E9724 /* Configurations */ = {
			isa = PBXGroup;
			children = (
				E5DA701C1D01594A008E9724 /* YRDLoggerConfiguration.h */,
				E5DA701D1D01594A008E9724 /* YRDLoggerConfiguration.m */,
				E5DA701E1D01594A008E9724 /* YRDNetworkingConfiguration.h */,
			);
			path = Configurations;
			sourceTree = "<group>";
		};
		E5DA701F1D01594A008E9724 /* CustomServices */ = {
			isa = PBXGroup;
			children = (
				E57C20591D067C430063ABDD /* ChangableService */,
				E5DA70201D01594A008E9724 /* WeatherService */,
				E5DA70231D01594A008E9724 /* YBGService */,
			);
			path = CustomServices;
			sourceTree = "<group>";
		};
		E5DA70201D01594A008E9724 /* WeatherService */ = {
			isa = PBXGroup;
			children = (
				E5DA70211D01594A008E9724 /* WeatherService.h */,
				E5DA70221D01594A008E9724 /* WeatherService.m */,
			);
			path = WeatherService;
			sourceTree = "<group>";
		};
		E5DA70231D01594A008E9724 /* YBGService */ = {
			isa = PBXGroup;
			children = (
				E5DA70241D01594A008E9724 /* YRDServiceYiBaoGao.h */,
				E5DA70251D01594A008E9724 /* YRDServiceYiBaoGao.m */,
			);
			path = YBGService;
			sourceTree = "<group>";
		};
		E5DA702A1D017396008E9724 /* LocationManager */ = {
			isa = PBXGroup;
			children = (
				E5DA702B1D017396008E9724 /* YRDLocationManager.h */,
				E5DA702C1D017396008E9724 /* YRDLocationManager.m */,
			);
			path = LocationManager;
			sourceTree = "<group>";
		};
/* End PBXGroup section */

/* Begin PBXNativeTarget section */
		E5340B0A1C9661AD00205879 /* YRDGoodArc */ = {
			isa = PBXNativeTarget;
			buildConfigurationList = E5340B221C9661AD00205879 /* Build configuration list for PBXNativeTarget "YRDGoodArc" */;
			buildPhases = (
				7DFAAEE594E4280C90B35FDA /* Check Pods Manifest.lock */,
				E5340B071C9661AD00205879 /* Sources */,
				E5340B081C9661AD00205879 /* Frameworks */,
				E5340B091C9661AD00205879 /* Resources */,
				D10B380E413E8D10DE698F13 /* Embed Pods Frameworks */,
				20849EC521DBE0F837597C2B /* Copy Pods Resources */,
			);
			buildRules = (
			);
			dependencies = (
			);
			name = YRDGoodArc;
			productName = YRDGoodArc;
			productReference = E5340B0B1C9661AD00205879 /* YRDGoodArc.app */;
			productType = "com.apple.product-type.application";
		};
/* End PBXNativeTarget section */

/* Begin PBXProject section */
		E5340B031C9661AD00205879 /* Project object */ = {
			isa = PBXProject;
			attributes = {
				CLASSPREFIX = YBG;
				LastUpgradeCheck = 0720;
				ORGANIZATIONNAME = yurongde;
				TargetAttributes = {
					E5340B0A1C9661AD00205879 = {
						CreatedOnToolsVersion = 7.2.1;
						DevelopmentTeam = FU8K87M93N;
					};
				};
			};
			buildConfigurationList = E5340B061C9661AD00205879 /* Build configuration list for PBXProject "YRDGoodArc" */;
			compatibilityVersion = "Xcode 3.2";
			developmentRegion = English;
			hasScannedForEncodings = 0;
			knownRegions = (
				en,
				Base,
			);
			mainGroup = E5340B021C9661AD00205879;
			productRefGroup = E5340B0C1C9661AD00205879 /* Products */;
			projectDirPath = "";
			projectRoot = "";
			targets = (
				E5340B0A1C9661AD00205879 /* YRDGoodArc */,
			);
		};
/* End PBXProject section */

/* Begin PBXResourcesBuildPhase section */
		E5340B091C9661AD00205879 /* Resources */ = {
			isa = PBXResourcesBuildPhase;
			buildActionMask = 2147483647;
			files = (
				E5340B1E1C9661AD00205879 /* LaunchScreen.storyboard in Resources */,
				E5340B1B1C9661AD00205879 /* Assets.xcassets in Resources */,
				E5340B191C9661AD00205879 /* Main.storyboard in Resources */,
				E59C310F1D3F6D20006F4E63 /* YBGMediatorErrorViewController.xib in Resources */,
			);
			runOnlyForDeploymentPostprocessing = 0;
		};
/* End PBXResourcesBuildPhase section */

/* Begin PBXShellScriptBuildPhase section */
		20849EC521DBE0F837597C2B /* Copy Pods Resources */ = {
			isa = PBXShellScriptBuildPhase;
			buildActionMask = 2147483647;
			files = (
			);
			inputPaths = (
			);
			name = "Copy Pods Resources";
			outputPaths = (
			);
			runOnlyForDeploymentPostprocessing = 0;
			shellPath = /bin/sh;
			shellScript = "\"${SRCROOT}/Pods/Target Support Files/Pods-YRDGoodArc/Pods-YRDGoodArc-resources.sh\"\n";
			showEnvVarsInLog = 0;
		};
		7DFAAEE594E4280C90B35FDA /* Check Pods Manifest.lock */ = {
			isa = PBXShellScriptBuildPhase;
			buildActionMask = 2147483647;
			files = (
			);
			inputPaths = (
			);
			name = "Check Pods Manifest.lock";
			outputPaths = (
			);
			runOnlyForDeploymentPostprocessing = 0;
			shellPath = /bin/sh;
			shellScript = "diff \"${PODS_ROOT}/../Podfile.lock\" \"${PODS_ROOT}/Manifest.lock\" > /dev/null\nif [[ $? != 0 ]] ; then\n    cat << EOM\nerror: The sandbox is not in sync with the Podfile.lock. Run 'pod install' or update your CocoaPods installation.\nEOM\n    exit 1\nfi\n";
			showEnvVarsInLog = 0;
		};
		D10B380E413E8D10DE698F13 /* Embed Pods Frameworks */ = {
			isa = PBXShellScriptBuildPhase;
			buildActionMask = 2147483647;
			files = (
			);
			inputPaths = (
			);
			name = "Embed Pods Frameworks";
			outputPaths = (
			);
			runOnlyForDeploymentPostprocessing = 0;
			shellPath = /bin/sh;
			shellScript = "\"${SRCROOT}/Pods/Target Support Files/Pods-YRDGoodArc/Pods-YRDGoodArc-frameworks.sh\"\n";
			showEnvVarsInLog = 0;
		};
/* End PBXShellScriptBuildPhase section */

/* Begin PBXSourcesBuildPhase section */
		E5340B071C9661AD00205879 /* Sources */ = {
			isa = PBXSourcesBuildPhase;
			buildActionMask = 2147483647;
			files = (
				E5340B3D1C96A72900205879 /* SecondViewController.m in Sources */,
				E57E500F1D40D1B500675B61 /* SDHomeSubjectsViewModel.m in Sources */,
				E598ACA01CF2B36700294141 /* YRDCache.m in Sources */,
				E5DA70291D01594A008E9724 /* YRDServiceYiBaoGao.m in Sources */,
				E59C31191D3F7030006F4E63 /* MediatorViewController.m in Sources */,
				E57E50071D40D18300675B61 /* SDBannerView.m in Sources */,
				E59C31151D3F6DAA006F4E63 /* YBGMediator+YBGMediatorModuleDefaultActions.m in Sources */,
				E598AC721CEEFBF200294141 /* NSArray+YRDNetworkingMethods.m in Sources */,
				E598AC8F1CF2A7DB00294141 /* YRDServiceFactory.m in Sources */,
				E5DA70131D015836008E9724 /* YRDCommonParamsGenerator.m in Sources */,
				E59C310E1D3F6D20006F4E63 /* YBGMediatorErrorViewController.m in Sources */,
				E5340B4E1C970F4B00205879 /* Request.m in Sources */,
				E5340B441C96AB2200205879 /* YYModelTestViewController.m in Sources */,
				E57E50091D40D18300675B61 /* SDSubjectsView.m in Sources */,
				E5340B471C96B0B400205879 /* Dog.m in Sources */,
				E59C311F1D3F71D0006F4E63 /* YBGTarget_A.m in Sources */,
				E57E50151D4117FB00675B61 /* YBGHomeViewController.m in Sources */,
				E57C205C1D067C680063ABDD /* YRDServiceChangable.m in Sources */,
				E5DA70271D01594A008E9724 /* YRDLoggerConfiguration.m in Sources */,
				E5340B341C969E9900205879 /* UINavigationController+FDFullscreenPopGesture.m in Sources */,
				E5DA70141D015836008E9724 /* YRDRequestGenerator.m in Sources */,
				E598ACCD1CF4069B00294141 /* WeatherViewController.m in Sources */,
				E5340B4B1C970F1500205879 /* AFAppDotNetAPIClient.m in Sources */,
				E598ACCA1CF405E100294141 /* WeatherApiManager.m in Sources */,
				E559C5371D0022AD00E118E4 /* SchoolItem.m in Sources */,
				E57E4FF71D40CE9D00675B61 /* YBGBaseModel.m in Sources */,
				E598AC781CEF011700294141 /* NSMutableString+YRDNetworkingMethods.m in Sources */,
				E57E50001D40D13D00675B61 /* SDSubject.m in Sources */,
				E5DA70041D0157B4008E9724 /* YRDAPIBaseManager.m in Sources */,
				E59C31121D3F6D63006F4E63 /* YBGTarget_Default.m in Sources */,
				E57C84AD1D1933FF00311A06 /* RealmDemoViewController.m in Sources */,
				E5DA70161D015836008E9724 /* YRDUDIDGenerator.m in Sources */,
				E559C5331D00217600E118E4 /* SchoolListReformer.m in Sources */,
				E57E50191D411FE000675B61 /* YBGHomeListReformer.m in Sources */,
				E57C84B01D19353A00311A06 /* RealmDog.m in Sources */,
				E598AC751CEEFF3000294141 /* NSString+YRDNetworkingMethods.m in Sources */,
				E5DA70281D01594A008E9724 /* WeatherService.m in Sources */,
				E5DA70051D0157B4008E9724 /* YRDApiProxy.m in Sources */,
				E5340B411C96AA0500205879 /* User.m in Sources */,
				E598AC8C1CF2A5D900294141 /* YRDService.m in Sources */,
				E598AC7B1CEF07C800294141 /* NSURLRequest+YRDNetworkingMethods.m in Sources */,
				E57C84B31D1938BE00311A06 /* RealmBook.m in Sources */,
				E5DA70261D01594A008E9724 /* YRDAppContext.m in Sources */,
				E598AC9D1CF2B17F00294141 /* YRDCachedObject.m in Sources */,
				E57E500E1D40D1B500675B61 /* SDHomeSubjectsCollectionCellViewModel.m in Sources */,
				E598AC6F1CEEFB0E00294141 /* NSObject+YRDNetworkingMethods.m in Sources */,
				E57E4FF01D40C5C600675B61 /* YBGBaseDataController.m in Sources */,
				E559C52C1D001B7B00E118E4 /* HTTPPostTableViewController.m in Sources */,
				E559C52F1D001C6E00E118E4 /* YiBaoGaoApiManager.m in Sources */,
				E5340B131C9661AD00205879 /* AppDelegate.m in Sources */,
				E58D746F1D4737F8002D1120 /* YBGBaseViewController.m in Sources */,
				E59C31251D3F7222006F4E63 /* YBGMediator+YBGMediatorModuleAActions.m in Sources */,
				E5340B101C9661AD00205879 /* main.m in Sources */,
				E59C31221D3F71EF006F4E63 /* DemoModuleADetailViewController.m in Sources */,
				E5DA70031D0157B4008E9724 /* YRDURLResponse.m in Sources */,
				E57C84B61D1A723900311A06 /* JSONCity.m in Sources */,
				E598ACA71CF2E48400294141 /* YRDLogger.m in Sources */,
				E5340B511C97103300205879 /* AFNDemoViewController.m in Sources */,
				E598AC6C1CEEFAF400294141 /* NSDictionary+YRDNetworkingMethods.m in Sources */,
				E5340B3E1C96A72900205879 /* ViewController.m in Sources */,
				E59C31091D3F6C84006F4E63 /* YBGMediator.m in Sources */,
				E5DA702D1D017396008E9724 /* YRDLocationManager.m in Sources */,
				E57E50121D40D22300675B61 /* YBGHomeDataController.m in Sources */,
				E598AC7E1CEF084400294141 /* UIDevice+IdentifierAddition.m in Sources */,
				E57E50081D40D18300675B61 /* SDPersonalInfoView.m in Sources */,
				E57E4FF31D40C5D900675B61 /* YBGBaseViewModel.m in Sources */,
				E5DA70151D015836008E9724 /* YRDSignatureGenerator.m in Sources */,
				E58D74691D46FFD6002D1120 /* YBGTimeUtil.m in Sources */,
			);
			runOnlyForDeploymentPostprocessing = 0;
		};
/* End PBXSourcesBuildPhase section */

/* Begin PBXVariantGroup section */
		E5340B171C9661AD00205879 /* Main.storyboard */ = {
			isa = PBXVariantGroup;
			children = (
				E5340B181C9661AD00205879 /* Base */,
			);
			name = Main.storyboard;
			sourceTree = "<group>";
		};
		E5340B1C1C9661AD00205879 /* LaunchScreen.storyboard */ = {
			isa = PBXVariantGroup;
			children = (
				E5340B1D1C9661AD00205879 /* Base */,
			);
			name = LaunchScreen.storyboard;
			sourceTree = "<group>";
		};
/* End PBXVariantGroup section */

/* Begin XCBuildConfiguration section */
		E5340B201C9661AD00205879 /* Debug */ = {
			isa = XCBuildConfiguration;
			buildSettings = {
				ALWAYS_SEARCH_USER_PATHS = NO;
				CLANG_CXX_LANGUAGE_STANDARD = "gnu++0x";
				CLANG_CXX_LIBRARY = "libc++";
				CLANG_ENABLE_MODULES = YES;
				CLANG_ENABLE_OBJC_ARC = YES;
				CLANG_WARN_BOOL_CONVERSION = YES;
				CLANG_WARN_CONSTANT_CONVERSION = YES;
				CLANG_WARN_DIRECT_OBJC_ISA_USAGE = YES_ERROR;
				CLANG_WARN_EMPTY_BODY = YES;
				CLANG_WARN_ENUM_CONVERSION = YES;
				CLANG_WARN_INT_CONVERSION = YES;
				CLANG_WARN_OBJC_ROOT_CLASS = YES_ERROR;
				CLANG_WARN_UNREACHABLE_CODE = YES;
				CLANG_WARN__DUPLICATE_METHOD_MATCH = YES;
				"CODE_SIGN_IDENTITY[sdk=iphoneos*]" = "iPhone Developer";
				COPY_PHASE_STRIP = NO;
				DEBUG_INFORMATION_FORMAT = dwarf;
				ENABLE_STRICT_OBJC_MSGSEND = YES;
				ENABLE_TESTABILITY = YES;
				GCC_C_LANGUAGE_STANDARD = gnu99;
				GCC_DYNAMIC_NO_PIC = NO;
				GCC_NO_COMMON_BLOCKS = YES;
				GCC_OPTIMIZATION_LEVEL = 0;
				GCC_PREPROCESSOR_DEFINITIONS = (
					"DEBUG=1",
					"$(inherited)",
				);
				GCC_WARN_64_TO_32_BIT_CONVERSION = YES;
				GCC_WARN_ABOUT_RETURN_TYPE = YES_ERROR;
				GCC_WARN_UNDECLARED_SELECTOR = YES;
				GCC_WARN_UNINITIALIZED_AUTOS = YES_AGGRESSIVE;
				GCC_WARN_UNUSED_FUNCTION = YES;
				GCC_WARN_UNUSED_VARIABLE = YES;
				IPHONEOS_DEPLOYMENT_TARGET = 9.2;
				MTL_ENABLE_DEBUG_INFO = YES;
				ONLY_ACTIVE_ARCH = YES;
				SDKROOT = iphoneos;
				TARGETED_DEVICE_FAMILY = "1,2";
			};
			name = Debug;
		};
		E5340B211C9661AD00205879 /* Release */ = {
			isa = XCBuildConfiguration;
			buildSettings = {
				ALWAYS_SEARCH_USER_PATHS = NO;
				CLANG_CXX_LANGUAGE_STANDARD = "gnu++0x";
				CLANG_CXX_LIBRARY = "libc++";
				CLANG_ENABLE_MODULES = YES;
				CLANG_ENABLE_OBJC_ARC = YES;
				CLANG_WARN_BOOL_CONVERSION = YES;
				CLANG_WARN_CONSTANT_CONVERSION = YES;
				CLANG_WARN_DIRECT_OBJC_ISA_USAGE = YES_ERROR;
				CLANG_WARN_EMPTY_BODY = YES;
				CLANG_WARN_ENUM_CONVERSION = YES;
				CLANG_WARN_INT_CONVERSION = YES;
				CLANG_WARN_OBJC_ROOT_CLASS = YES_ERROR;
				CLANG_WARN_UNREACHABLE_CODE = YES;
				CLANG_WARN__DUPLICATE_METHOD_MATCH = YES;
				"CODE_SIGN_IDENTITY[sdk=iphoneos*]" = "iPhone Developer";
				COPY_PHASE_STRIP = NO;
				DEBUG_INFORMATION_FORMAT = "dwarf-with-dsym";
				ENABLE_NS_ASSERTIONS = NO;
				ENABLE_STRICT_OBJC_MSGSEND = YES;
				GCC_C_LANGUAGE_STANDARD = gnu99;
				GCC_NO_COMMON_BLOCKS = YES;
				GCC_WARN_64_TO_32_BIT_CONVERSION = YES;
				GCC_WARN_ABOUT_RETURN_TYPE = YES_ERROR;
				GCC_WARN_UNDECLARED_SELECTOR = YES;
				GCC_WARN_UNINITIALIZED_AUTOS = YES_AGGRESSIVE;
				GCC_WARN_UNUSED_FUNCTION = YES;
				GCC_WARN_UNUSED_VARIABLE = YES;
				IPHONEOS_DEPLOYMENT_TARGET = 9.2;
				MTL_ENABLE_DEBUG_INFO = NO;
				SDKROOT = iphoneos;
				TARGETED_DEVICE_FAMILY = "1,2";
				VALIDATE_PRODUCT = YES;
			};
			name = Release;
		};
		E5340B231C9661AD00205879 /* Debug */ = {
			isa = XCBuildConfiguration;
			baseConfigurationReference = BCE42E0FB5C29340E89F25B7 /* Pods-YRDGoodArc.debug.xcconfig */;
			buildSettings = {
				ASSETCATALOG_COMPILER_APPICON_NAME = AppIcon;
				CODE_SIGN_IDENTITY = "iPhone Developer";
				"CODE_SIGN_IDENTITY[sdk=iphoneos*]" = "iPhone Developer";
				GCC_PRECOMPILE_PREFIX_HEADER = YES;
				GCC_PREFIX_HEADER = YRDGoodArc/YRDGoodArcPrefixHeader.pch;
				INFOPLIST_FILE = YRDGoodArc/Info.plist;
				LD_RUNPATH_SEARCH_PATHS = "$(inherited) @executable_path/Frameworks";
				PRODUCT_BUNDLE_IDENTIFIER = com.ssdd.YRDGoodArc;
				PRODUCT_NAME = "$(TARGET_NAME)";
				PROVISIONING_PROFILE = "";
				USER_HEADER_SEARCH_PATHS = "${SRCROOT}/Pods/**";
			};
			name = Debug;
		};
		E5340B241C9661AD00205879 /* Release */ = {
			isa = XCBuildConfiguration;
			baseConfigurationReference = D00A1A3572EB534E01342B99 /* Pods-YRDGoodArc.release.xcconfig */;
			buildSettings = {
				ASSETCATALOG_COMPILER_APPICON_NAME = AppIcon;
				CODE_SIGN_IDENTITY = "iPhone Developer";
				"CODE_SIGN_IDENTITY[sdk=iphoneos*]" = "iPhone Developer";
				GCC_PRECOMPILE_PREFIX_HEADER = YES;
				GCC_PREFIX_HEADER = YRDGoodArc/YRDGoodArcPrefixHeader.pch;
				INFOPLIST_FILE = YRDGoodArc/Info.plist;
				LD_RUNPATH_SEARCH_PATHS = "$(inherited) @executable_path/Frameworks";
				PRODUCT_BUNDLE_IDENTIFIER = com.ssdd.YRDGoodArc;
				PRODUCT_NAME = "$(TARGET_NAME)";
				PROVISIONING_PROFILE = "";
				USER_HEADER_SEARCH_PATHS = "${SRCROOT}/Pods/**";
			};
			name = Release;
		};
/* End XCBuildConfiguration section */

/* Begin XCConfigurationList section */
		E5340B061C9661AD00205879 /* Build configuration list for PBXProject "YRDGoodArc" */ = {
			isa = XCConfigurationList;
			buildConfigurations = (
				E5340B201C9661AD00205879 /* Debug */,
				E5340B211C9661AD00205879 /* Release */,
			);
			defaultConfigurationIsVisible = 0;
			defaultConfigurationName = Release;
		};
		E5340B221C9661AD00205879 /* Build configuration list for PBXNativeTarget "YRDGoodArc" */ = {
			isa = XCConfigurationList;
			buildConfigurations = (
				E5340B231C9661AD00205879 /* Debug */,
				E5340B241C9661AD00205879 /* Release */,
			);
			defaultConfigurationIsVisible = 0;
			defaultConfigurationName = Release;
		};
/* End XCConfigurationList section */
	};
	rootObject = E5340B031C9661AD00205879 /* Project object */;
}
